// !$*UTF8*$!
{
	archiveVersion = 1;
	classes = {
	};
	objectVersion = 56;
	objects = {

/* Begin PBXBuildFile section */
		156726B02B9637C000D2771A /* SkiblazerApp.swift in Sources */ = {isa = PBXBuildFile; fileRef = 156726AF2B9637C000D2771A /* SkiblazerApp.swift */; };
		156726B22B9637C000D2771A /* ContentView.swift in Sources */ = {isa = PBXBuildFile; fileRef = 156726B12B9637C000D2771A /* ContentView.swift */; };
		156726B42B9637C100D2771A /* Assets.xcassets in Resources */ = {isa = PBXBuildFile; fileRef = 156726B32B9637C100D2771A /* Assets.xcassets */; };
		156726B72B9637C100D2771A /* Preview Assets.xcassets in Resources */ = {isa = PBXBuildFile; fileRef = 156726B62B9637C100D2771A /* Preview Assets.xcassets */; };
		156726BF2B96386100D2771A /* AWSAPIPlugin in Frameworks */ = {isa = PBXBuildFile; productRef = 156726BE2B96386100D2771A /* AWSAPIPlugin */; };
		156726C12B96386100D2771A /* AWSCloudWatchLoggingPlugin in Frameworks */ = {isa = PBXBuildFile; productRef = 156726C02B96386100D2771A /* AWSCloudWatchLoggingPlugin */; };
		156726C32B96386100D2771A /* AWSCognitoAuthPlugin in Frameworks */ = {isa = PBXBuildFile; productRef = 156726C22B96386100D2771A /* AWSCognitoAuthPlugin */; };
		156726C52B96386100D2771A /* AWSDataStorePlugin in Frameworks */ = {isa = PBXBuildFile; productRef = 156726C42B96386100D2771A /* AWSDataStorePlugin */; };
		156726C72B96386100D2771A /* AWSLocationGeoPlugin in Frameworks */ = {isa = PBXBuildFile; productRef = 156726C62B96386100D2771A /* AWSLocationGeoPlugin */; };
		156726C92B96386100D2771A /* AWSPinpointAnalyticsPlugin in Frameworks */ = {isa = PBXBuildFile; productRef = 156726C82B96386100D2771A /* AWSPinpointAnalyticsPlugin */; };
		156726CB2B96386100D2771A /* AWSPinpointPushNotificationsPlugin in Frameworks */ = {isa = PBXBuildFile; productRef = 156726CA2B96386100D2771A /* AWSPinpointPushNotificationsPlugin */; };
		156726CD2B96386100D2771A /* AWSPluginsCore in Frameworks */ = {isa = PBXBuildFile; productRef = 156726CC2B96386100D2771A /* AWSPluginsCore */; };
		156726CF2B96386100D2771A /* AWSPredictionsPlugin in Frameworks */ = {isa = PBXBuildFile; productRef = 156726CE2B96386100D2771A /* AWSPredictionsPlugin */; };
		156726D12B96386100D2771A /* AWSS3StoragePlugin in Frameworks */ = {isa = PBXBuildFile; productRef = 156726D02B96386100D2771A /* AWSS3StoragePlugin */; };
		156726D32B96386100D2771A /* Amplify in Frameworks */ = {isa = PBXBuildFile; productRef = 156726D22B96386100D2771A /* Amplify */; };
		156726D52B96386100D2771A /* CoreMLPredictionsPlugin in Frameworks */ = {isa = PBXBuildFile; productRef = 156726D42B96386100D2771A /* CoreMLPredictionsPlugin */; };
		156726D82B96386F00D2771A /* Authenticator in Frameworks */ = {isa = PBXBuildFile; productRef = 156726D72B96386F00D2771A /* Authenticator */; };
		156726DB2B9638D500D2771A /* APIHandler.swift in Sources */ = {isa = PBXBuildFile; fileRef = 156726DA2B9638D500D2771A /* APIHandler.swift */; };
		156726DD2B9638E000D2771A /* AppContext.swift in Sources */ = {isa = PBXBuildFile; fileRef = 156726DC2B9638E000D2771A /* AppContext.swift */; };
		2881635E44E8561812D94DE9 /* TrailReport+Schema.swift in Sources */ = {isa = PBXBuildFile; fileRef = CFD63BF4592CA3465936FC30 /* TrailReport+Schema.swift */; };
		8F49EC2B526461F31CC0A9DE /* Map.swift in Sources */ = {isa = PBXBuildFile; fileRef = A2B4549539C7193B603BA42C /* Map.swift */; };
		90C6B042F6BD7D0B1306D10A /* awsconfiguration.json in Resources */ = {isa = PBXBuildFile; fileRef = 96E374E414D32E280482420E /* awsconfiguration.json */; };
		A97816EA6DFFBE375B59FC78 /* Map+Schema.swift in Sources */ = {isa = PBXBuildFile; fileRef = D3CE621493F04CABBD879834 /* Map+Schema.swift */; };
		A9F06FD0A41B939D2D476B05 /* AmplifyModels.swift in Sources */ = {isa = PBXBuildFile; fileRef = EB169DD58F9B8F85F8DFAA76 /* AmplifyModels.swift */; };
		B665FC34F0DA5A0543C0B087 /* TrailReportType.swift in Sources */ = {isa = PBXBuildFile; fileRef = 7222D95EE783F89EFFB7A782 /* TrailReportType.swift */; };
		C2A47CCEC14B852236F90D3C /* TrailReport.swift in Sources */ = {isa = PBXBuildFile; fileRef = 33EE8549E8CE60FBB65D71BF /* TrailReport.swift */; };
		DCBA4199475512BF48F83C2F /* amplifyconfiguration.json in Resources */ = {isa = PBXBuildFile; fileRef = 838621CF94C9474C412D64EF /* amplifyconfiguration.json */; };
/* End PBXBuildFile section */

/* Begin PBXFileReference section */
		156726AC2B9637C000D2771A /* Skiblazer.app */ = {isa = PBXFileReference; explicitFileType = wrapper.application; includeInIndex = 0; path = Skiblazer.app; sourceTree = BUILT_PRODUCTS_DIR; };
		156726AF2B9637C000D2771A /* SkiblazerApp.swift */ = {isa = PBXFileReference; lastKnownFileType = sourcecode.swift; path = SkiblazerApp.swift; sourceTree = "<group>"; };
		156726B12B9637C000D2771A /* ContentView.swift */ = {isa = PBXFileReference; lastKnownFileType = sourcecode.swift; path = ContentView.swift; sourceTree = "<group>"; };
		156726B32B9637C100D2771A /* Assets.xcassets */ = {isa = PBXFileReference; lastKnownFileType = folder.assetcatalog; path = Assets.xcassets; sourceTree = "<group>"; };
		156726B62B9637C100D2771A /* Preview Assets.xcassets */ = {isa = PBXFileReference; lastKnownFileType = folder.assetcatalog; path = "Preview Assets.xcassets"; sourceTree = "<group>"; };
		156726DA2B9638D500D2771A /* APIHandler.swift */ = {isa = PBXFileReference; lastKnownFileType = sourcecode.swift; path = APIHandler.swift; sourceTree = "<group>"; };
		156726DC2B9638E000D2771A /* AppContext.swift */ = {isa = PBXFileReference; lastKnownFileType = sourcecode.swift; name = AppContext.swift; path = Skiblazer/AppContext.swift; sourceTree = SOURCE_ROOT; };
		33EE8549E8CE60FBB65D71BF /* TrailReport.swift */ = {isa = PBXFileReference; explicitFileType = sourcecode.swift; lastKnownFileType = sourcecode.swift; name = TrailReport.swift; path = amplify/generated/models/TrailReport.swift; sourceTree = "<group>"; };
		7222D95EE783F89EFFB7A782 /* TrailReportType.swift */ = {isa = PBXFileReference; explicitFileType = sourcecode.swift; lastKnownFileType = sourcecode.swift; name = TrailReportType.swift; path = amplify/generated/models/TrailReportType.swift; sourceTree = "<group>"; };
		838621CF94C9474C412D64EF /* amplifyconfiguration.json */ = {isa = PBXFileReference; explicitFileType = text.json; lastKnownFileType = text.json; name = amplifyconfiguration.json; path = amplifyconfiguration.json; sourceTree = "<group>"; };
		96E374E414D32E280482420E /* awsconfiguration.json */ = {isa = PBXFileReference; explicitFileType = text.json; lastKnownFileType = text.json; name = awsconfiguration.json; path = awsconfiguration.json; sourceTree = "<group>"; };
		A2B4549539C7193B603BA42C /* Map.swift */ = {isa = PBXFileReference; explicitFileType = sourcecode.swift; lastKnownFileType = sourcecode.swift; name = Map.swift; path = amplify/generated/models/Map.swift; sourceTree = "<group>"; };
		CFD63BF4592CA3465936FC30 /* TrailReport+Schema.swift */ = {isa = PBXFileReference; explicitFileType = sourcecode.swift; lastKnownFileType = sourcecode.swift; name = "TrailReport+Schema.swift"; path = "amplify/generated/models/TrailReport+Schema.swift"; sourceTree = "<group>"; };
		D3CE621493F04CABBD879834 /* Map+Schema.swift */ = {isa = PBXFileReference; explicitFileType = sourcecode.swift; lastKnownFileType = sourcecode.swift; name = "Map+Schema.swift"; path = "amplify/generated/models/Map+Schema.swift"; sourceTree = "<group>"; };
		EB169DD58F9B8F85F8DFAA76 /* AmplifyModels.swift */ = {isa = PBXFileReference; explicitFileType = sourcecode.swift; lastKnownFileType = sourcecode.swift; name = AmplifyModels.swift; path = amplify/generated/models/AmplifyModels.swift; sourceTree = "<group>"; };
/* End PBXFileReference section */

/* Begin PBXFrameworksBuildPhase section */
		156726A92B9637C000D2771A /* Frameworks */ = {
			isa = PBXFrameworksBuildPhase;
			buildActionMask = 2147483647;
			files = (
				156726BF2B96386100D2771A /* AWSAPIPlugin in Frameworks */,
				156726C92B96386100D2771A /* AWSPinpointAnalyticsPlugin in Frameworks */,
				156726C72B96386100D2771A /* AWSLocationGeoPlugin in Frameworks */,
				156726C12B96386100D2771A /* AWSCloudWatchLoggingPlugin in Frameworks */,
				156726D32B96386100D2771A /* Amplify in Frameworks */,
				156726CF2B96386100D2771A /* AWSPredictionsPlugin in Frameworks */,
				156726D82B96386F00D2771A /* Authenticator in Frameworks */,
				156726D12B96386100D2771A /* AWSS3StoragePlugin in Frameworks */,
				156726CD2B96386100D2771A /* AWSPluginsCore in Frameworks */,
				156726D52B96386100D2771A /* CoreMLPredictionsPlugin in Frameworks */,
				156726C32B96386100D2771A /* AWSCognitoAuthPlugin in Frameworks */,
				156726CB2B96386100D2771A /* AWSPinpointPushNotificationsPlugin in Frameworks */,
				156726C52B96386100D2771A /* AWSDataStorePlugin in Frameworks */,
			);
			runOnlyForDeploymentPostprocessing = 0;
		};
/* End PBXFrameworksBuildPhase section */

/* Begin PBXGroup section */
		156726A32B9637C000D2771A = {
			isa = PBXGroup;
			children = (
				156726AE2B9637C000D2771A /* Skiblazer */,
				156726AD2B9637C000D2771A /* Products */,
				18424CE96119586B091FC321 /* AmplifyConfig */,
				1B429EC6DA784FC6F9E68F67 /* AmplifyModels */,
			);
			sourceTree = "<group>";
		};
		156726AD2B9637C000D2771A /* Products */ = {
			isa = PBXGroup;
			children = (
				156726AC2B9637C000D2771A /* Skiblazer.app */,
			);
			name = Products;
			sourceTree = "<group>";
		};
		156726AE2B9637C000D2771A /* Skiblazer */ = {
			isa = PBXGroup;
			children = (
				156726AF2B9637C000D2771A /* SkiblazerApp.swift */,
				156726B12B9637C000D2771A /* ContentView.swift */,
				156726D92B9638CC00D2771A /* Singletons */,
				156726B32B9637C100D2771A /* Assets.xcassets */,
				156726B52B9637C100D2771A /* Preview Content */,
			);
			path = Skiblazer;
			sourceTree = "<group>";
		};
		156726B52B9637C100D2771A /* Preview Content */ = {
			isa = PBXGroup;
			children = (
				156726B62B9637C100D2771A /* Preview Assets.xcassets */,
			);
			path = "Preview Content";
			sourceTree = "<group>";
		};
		156726D92B9638CC00D2771A /* Singletons */ = {
			isa = PBXGroup;
			children = (
				156726DA2B9638D500D2771A /* APIHandler.swift */,
				156726DC2B9638E000D2771A /* AppContext.swift */,
			);
			path = Singletons;
			sourceTree = "<group>";
		};
		18424CE96119586B091FC321 /* AmplifyConfig */ = {
			isa = PBXGroup;
			children = (
				96E374E414D32E280482420E /* awsconfiguration.json */,
				838621CF94C9474C412D64EF /* amplifyconfiguration.json */,
			);
			name = AmplifyConfig;
			sourceTree = "<group>";
		};
		1B429EC6DA784FC6F9E68F67 /* AmplifyModels */ = {
			isa = PBXGroup;
			children = (
				EB169DD58F9B8F85F8DFAA76 /* AmplifyModels.swift */,
				D3CE621493F04CABBD879834 /* Map+Schema.swift */,
				A2B4549539C7193B603BA42C /* Map.swift */,
				CFD63BF4592CA3465936FC30 /* TrailReport+Schema.swift */,
				33EE8549E8CE60FBB65D71BF /* TrailReport.swift */,
				7222D95EE783F89EFFB7A782 /* TrailReportType.swift */,
			);
			name = AmplifyModels;
			sourceTree = "<group>";
		};
/* End PBXGroup section */

/* Begin PBXNativeTarget section */
		156726AB2B9637C000D2771A /* Skiblazer */ = {
			isa = PBXNativeTarget;
			buildConfigurationList = 156726BA2B9637C100D2771A /* Build configuration list for PBXNativeTarget "Skiblazer" */;
			buildPhases = (
				156726A82B9637C000D2771A /* Sources */,
				156726A92B9637C000D2771A /* Frameworks */,
				156726AA2B9637C000D2771A /* Resources */,
			);
			buildRules = (
			);
			dependencies = (
			);
			name = Skiblazer;
			packageProductDependencies = (
				156726BE2B96386100D2771A /* AWSAPIPlugin */,
				156726C02B96386100D2771A /* AWSCloudWatchLoggingPlugin */,
				156726C22B96386100D2771A /* AWSCognitoAuthPlugin */,
				156726C42B96386100D2771A /* AWSDataStorePlugin */,
				156726C62B96386100D2771A /* AWSLocationGeoPlugin */,
				156726C82B96386100D2771A /* AWSPinpointAnalyticsPlugin */,
				156726CA2B96386100D2771A /* AWSPinpointPushNotificationsPlugin */,
				156726CC2B96386100D2771A /* AWSPluginsCore */,
				156726CE2B96386100D2771A /* AWSPredictionsPlugin */,
				156726D02B96386100D2771A /* AWSS3StoragePlugin */,
				156726D22B96386100D2771A /* Amplify */,
				156726D42B96386100D2771A /* CoreMLPredictionsPlugin */,
				156726D72B96386F00D2771A /* Authenticator */,
			);
			productName = Skiblazer;
			productReference = 156726AC2B9637C000D2771A /* Skiblazer.app */;
			productType = "com.apple.product-type.application";
		};
/* End PBXNativeTarget section */

/* Begin PBXProject section */
		156726A42B9637C000D2771A /* Project object */ = {
			isa = PBXProject;
			attributes = {
				BuildIndependentTargetsInParallel = 1;
				LastSwiftUpdateCheck = 1510;
				LastUpgradeCheck = 1510;
				TargetAttributes = {
					156726AB2B9637C000D2771A = {
						CreatedOnToolsVersion = 15.1;
					};
				};
			};
			buildConfigurationList = 156726A72B9637C000D2771A /* Build configuration list for PBXProject "Skiblazer" */;
			compatibilityVersion = "Xcode 14.0";
			developmentRegion = en;
			hasScannedForEncodings = 0;
			knownRegions = (
				en,
				Base,
			);
			mainGroup = 156726A32B9637C000D2771A;
			packageReferences = (
				156726BD2B96386100D2771A /* XCRemoteSwiftPackageReference "amplify-swift" */,
				156726D62B96386F00D2771A /* XCRemoteSwiftPackageReference "amplify-ui-swift-authenticator" */,
			);
			productRefGroup = 156726AD2B9637C000D2771A /* Products */;
			projectDirPath = "";
			projectRoot = "";
			targets = (
				156726AB2B9637C000D2771A /* Skiblazer */,
			);
		};
/* End PBXProject section */

/* Begin PBXResourcesBuildPhase section */
		156726AA2B9637C000D2771A /* Resources */ = {
			isa = PBXResourcesBuildPhase;
			buildActionMask = 2147483647;
			files = (
				156726B72B9637C100D2771A /* Preview Assets.xcassets in Resources */,
				156726B42B9637C100D2771A /* Assets.xcassets in Resources */,
				90C6B042F6BD7D0B1306D10A /* awsconfiguration.json in Resources */,
				DCBA4199475512BF48F83C2F /* amplifyconfiguration.json in Resources */,
			);
			runOnlyForDeploymentPostprocessing = 0;
		};
/* End PBXResourcesBuildPhase section */

/* Begin PBXSourcesBuildPhase section */
		156726A82B9637C000D2771A /* Sources */ = {
			isa = PBXSourcesBuildPhase;
			buildActionMask = 2147483647;
			files = (
				156726DB2B9638D500D2771A /* APIHandler.swift in Sources */,
				156726DD2B9638E000D2771A /* AppContext.swift in Sources */,
				156726B22B9637C000D2771A /* ContentView.swift in Sources */,
				156726B02B9637C000D2771A /* SkiblazerApp.swift in Sources */,
				A9F06FD0A41B939D2D476B05 /* AmplifyModels.swift in Sources */,
				A97816EA6DFFBE375B59FC78 /* Map+Schema.swift in Sources */,
				8F49EC2B526461F31CC0A9DE /* Map.swift in Sources */,
				2881635E44E8561812D94DE9 /* TrailReport+Schema.swift in Sources */,
				C2A47CCEC14B852236F90D3C /* TrailReport.swift in Sources */,
				B665FC34F0DA5A0543C0B087 /* TrailReportType.swift in Sources */,
			);
			runOnlyForDeploymentPostprocessing = 0;
		};
/* End PBXSourcesBuildPhase section */

/* Begin XCBuildConfiguration section */
		156726B82B9637C100D2771A /* Debug */ = {
			isa = XCBuildConfiguration;
			buildSettings = {
				ALWAYS_SEARCH_USER_PATHS = NO;
				ASSETCATALOG_COMPILER_GENERATE_SWIFT_ASSET_SYMBOL_EXTENSIONS = YES;
				CLANG_ANALYZER_NONNULL = YES;
				CLANG_ANALYZER_NUMBER_OBJECT_CONVERSION = YES_AGGRESSIVE;
				CLANG_CXX_LANGUAGE_STANDARD = "gnu++20";
				CLANG_ENABLE_MODULES = YES;
				CLANG_ENABLE_OBJC_ARC = YES;
				CLANG_ENABLE_OBJC_WEAK = YES;
				CLANG_WARN_BLOCK_CAPTURE_AUTORELEASING = YES;
				CLANG_WARN_BOOL_CONVERSION = YES;
				CLANG_WARN_COMMA = YES;
				CLANG_WARN_CONSTANT_CONVERSION = YES;
				CLANG_WARN_DEPRECATED_OBJC_IMPLEMENTATIONS = YES;
				CLANG_WARN_DIRECT_OBJC_ISA_USAGE = YES_ERROR;
				CLANG_WARN_DOCUMENTATION_COMMENTS = YES;
				CLANG_WARN_EMPTY_BODY = YES;
				CLANG_WARN_ENUM_CONVERSION = YES;
				CLANG_WARN_INFINITE_RECURSION = YES;
				CLANG_WARN_INT_CONVERSION = YES;
				CLANG_WARN_NON_LITERAL_NULL_CONVERSION = YES;
				CLANG_WARN_OBJC_IMPLICIT_RETAIN_SELF = YES;
				CLANG_WARN_OBJC_LITERAL_CONVERSION = YES;
				CLANG_WARN_OBJC_ROOT_CLASS = YES_ERROR;
				CLANG_WARN_QUOTED_INCLUDE_IN_FRAMEWORK_HEADER = YES;
				CLANG_WARN_RANGE_LOOP_ANALYSIS = YES;
				CLANG_WARN_STRICT_PROTOTYPES = YES;
				CLANG_WARN_SUSPICIOUS_MOVE = YES;
				CLANG_WARN_UNGUARDED_AVAILABILITY = YES_AGGRESSIVE;
				CLANG_WARN_UNREACHABLE_CODE = YES;
				CLANG_WARN__DUPLICATE_METHOD_MATCH = YES;
				COPY_PHASE_STRIP = NO;
				DEBUG_INFORMATION_FORMAT = dwarf;
				ENABLE_STRICT_OBJC_MSGSEND = YES;
				ENABLE_TESTABILITY = YES;
				ENABLE_USER_SCRIPT_SANDBOXING = YES;
				GCC_C_LANGUAGE_STANDARD = gnu17;
				GCC_DYNAMIC_NO_PIC = NO;
				GCC_NO_COMMON_BLOCKS = YES;
				GCC_OPTIMIZATION_LEVEL = 0;
				GCC_PREPROCESSOR_DEFINITIONS = (
					"DEBUG=1",
					"$(inherited)",
				);
				GCC_WARN_64_TO_32_BIT_CONVERSION = YES;
				GCC_WARN_ABOUT_RETURN_TYPE = YES_ERROR;
				GCC_WARN_UNDECLARED_SELECTOR = YES;
				GCC_WARN_UNINITIALIZED_AUTOS = YES_AGGRESSIVE;
				GCC_WARN_UNUSED_FUNCTION = YES;
				GCC_WARN_UNUSED_VARIABLE = YES;
				IPHONEOS_DEPLOYMENT_TARGET = 17.2;
				LOCALIZATION_PREFERS_STRING_CATALOGS = YES;
				MTL_ENABLE_DEBUG_INFO = INCLUDE_SOURCE;
				MTL_FAST_MATH = YES;
				ONLY_ACTIVE_ARCH = YES;
				SDKROOT = iphoneos;
				SWIFT_ACTIVE_COMPILATION_CONDITIONS = "DEBUG $(inherited)";
				SWIFT_OPTIMIZATION_LEVEL = "-Onone";
			};
			name = Debug;
		};
		156726B92B9637C100D2771A /* Release */ = {
			isa = XCBuildConfiguration;
			buildSettings = {
				ALWAYS_SEARCH_USER_PATHS = NO;
				ASSETCATALOG_COMPILER_GENERATE_SWIFT_ASSET_SYMBOL_EXTENSIONS = YES;
				CLANG_ANALYZER_NONNULL = YES;
				CLANG_ANALYZER_NUMBER_OBJECT_CONVERSION = YES_AGGRESSIVE;
				CLANG_CXX_LANGUAGE_STANDARD = "gnu++20";
				CLANG_ENABLE_MODULES = YES;
				CLANG_ENABLE_OBJC_ARC = YES;
				CLANG_ENABLE_OBJC_WEAK = YES;
				CLANG_WARN_BLOCK_CAPTURE_AUTORELEASING = YES;
				CLANG_WARN_BOOL_CONVERSION = YES;
				CLANG_WARN_COMMA = YES;
				CLANG_WARN_CONSTANT_CONVERSION = YES;
				CLANG_WARN_DEPRECATED_OBJC_IMPLEMENTATIONS = YES;
				CLANG_WARN_DIRECT_OBJC_ISA_USAGE = YES_ERROR;
				CLANG_WARN_DOCUMENTATION_COMMENTS = YES;
				CLANG_WARN_EMPTY_BODY = YES;
				CLANG_WARN_ENUM_CONVERSION = YES;
				CLANG_WARN_INFINITE_RECURSION = YES;
				CLANG_WARN_INT_CONVERSION = YES;
				CLANG_WARN_NON_LITERAL_NULL_CONVERSION = YES;
				CLANG_WARN_OBJC_IMPLICIT_RETAIN_SELF = YES;
				CLANG_WARN_OBJC_LITERAL_CONVERSION = YES;
				CLANG_WARN_OBJC_ROOT_CLASS = YES_ERROR;
				CLANG_WARN_QUOTED_INCLUDE_IN_FRAMEWORK_HEADER = YES;
				CLANG_WARN_RANGE_LOOP_ANALYSIS = YES;
				CLANG_WARN_STRICT_PROTOTYPES = YES;
				CLANG_WARN_SUSPICIOUS_MOVE = YES;
				CLANG_WARN_UNGUARDED_AVAILABILITY = YES_AGGRESSIVE;
				CLANG_WARN_UNREACHABLE_CODE = YES;
				CLANG_WARN__DUPLICATE_METHOD_MATCH = YES;
				COPY_PHASE_STRIP = NO;
				DEBUG_INFORMATION_FORMAT = "dwarf-with-dsym";
				ENABLE_NS_ASSERTIONS = NO;
				ENABLE_STRICT_OBJC_MSGSEND = YES;
				ENABLE_USER_SCRIPT_SANDBOXING = YES;
				GCC_C_LANGUAGE_STANDARD = gnu17;
				GCC_NO_COMMON_BLOCKS = YES;
				GCC_WARN_64_TO_32_BIT_CONVERSION = YES;
				GCC_WARN_ABOUT_RETURN_TYPE = YES_ERROR;
				GCC_WARN_UNDECLARED_SELECTOR = YES;
				GCC_WARN_UNINITIALIZED_AUTOS = YES_AGGRESSIVE;
				GCC_WARN_UNUSED_FUNCTION = YES;
				GCC_WARN_UNUSED_VARIABLE = YES;
				IPHONEOS_DEPLOYMENT_TARGET = 17.2;
				LOCALIZATION_PREFERS_STRING_CATALOGS = YES;
				MTL_ENABLE_DEBUG_INFO = NO;
				MTL_FAST_MATH = YES;
				SDKROOT = iphoneos;
				SWIFT_COMPILATION_MODE = wholemodule;
				VALIDATE_PRODUCT = YES;
			};
			name = Release;
		};
		156726BB2B9637C100D2771A /* Debug */ = {
			isa = XCBuildConfiguration;
			buildSettings = {
				ASSETCATALOG_COMPILER_APPICON_NAME = AppIcon;
				ASSETCATALOG_COMPILER_GLOBAL_ACCENT_COLOR_NAME = AccentColor;
				CODE_SIGN_STYLE = Automatic;
				CURRENT_PROJECT_VERSION = 1;
				DEVELOPMENT_ASSET_PATHS = "\"Skiblazer/Preview Content\"";
				DEVELOPMENT_TEAM = STGT8VT9K6;
				ENABLE_PREVIEWS = YES;
				GENERATE_INFOPLIST_FILE = YES;
				INFOPLIST_KEY_CFBundleDisplayName = Skiblazer;
				INFOPLIST_KEY_LSApplicationCategoryType = "public.app-category.navigation";
				INFOPLIST_KEY_UIApplicationSceneManifest_Generation = YES;
				INFOPLIST_KEY_UIApplicationSupportsIndirectInputEvents = YES;
				INFOPLIST_KEY_UILaunchScreen_Generation = YES;
				INFOPLIST_KEY_UISupportedInterfaceOrientations = UIInterfaceOrientationPortrait;
				INFOPLIST_KEY_UISupportedInterfaceOrientations_iPad = "UIInterfaceOrientationLandscapeLeft UIInterfaceOrientationLandscapeRight UIInterfaceOrientationPortrait UIInterfaceOrientationPortraitUpsideDown";
				IPHONEOS_DEPLOYMENT_TARGET = 15.0;
				LD_RUNPATH_SEARCH_PATHS = (
					"$(inherited)",
					"@executable_path/Frameworks",
				);
				MARKETING_VERSION = 1.0;
				PRODUCT_BUNDLE_IDENTIFIER = com.mckee.Skiblazer;
				PRODUCT_NAME = "$(TARGET_NAME)";
				SWIFT_EMIT_LOC_STRINGS = YES;
				SWIFT_VERSION = 5.0;
				TARGETED_DEVICE_FAMILY = "1,2";
			};
			name = Debug;
		};
		156726BC2B9637C100D2771A /* Release */ = {
			isa = XCBuildConfiguration;
			buildSettings = {
				ASSETCATALOG_COMPILER_APPICON_NAME = AppIcon;
				ASSETCATALOG_COMPILER_GLOBAL_ACCENT_COLOR_NAME = AccentColor;
				CODE_SIGN_STYLE = Automatic;
				CURRENT_PROJECT_VERSION = 1;
				DEVELOPMENT_ASSET_PATHS = "\"Skiblazer/Preview Content\"";
				DEVELOPMENT_TEAM = STGT8VT9K6;
				ENABLE_PREVIEWS = YES;
				GENERATE_INFOPLIST_FILE = YES;
				INFOPLIST_KEY_CFBundleDisplayName = Skiblazer;
				INFOPLIST_KEY_LSApplicationCategoryType = "public.app-category.navigation";
				INFOPLIST_KEY_UIApplicationSceneManifest_Generation = YES;
				INFOPLIST_KEY_UIApplicationSupportsIndirectInputEvents = YES;
				INFOPLIST_KEY_UILaunchScreen_Generation = YES;
				INFOPLIST_KEY_UISupportedInterfaceOrientations = UIInterfaceOrientationPortrait;
				INFOPLIST_KEY_UISupportedInterfaceOrientations_iPad = "UIInterfaceOrientationLandscapeLeft UIInterfaceOrientationLandscapeRight UIInterfaceOrientationPortrait UIInterfaceOrientationPortraitUpsideDown";
				IPHONEOS_DEPLOYMENT_TARGET = 15.0;
				LD_RUNPATH_SEARCH_PATHS = (
					"$(inherited)",
					"@executable_path/Frameworks",
				);
				MARKETING_VERSION = 1.0;
				PRODUCT_BUNDLE_IDENTIFIER = com.mckee.Skiblazer;
				PRODUCT_NAME = "$(TARGET_NAME)";
				SWIFT_EMIT_LOC_STRINGS = YES;
				SWIFT_VERSION = 5.0;
				TARGETED_DEVICE_FAMILY = "1,2";
			};
			name = Release;
		};
/* End XCBuildConfiguration section */

/* Begin XCConfigurationList section */
		156726A72B9637C000D2771A /* Build configuration list for PBXProject "Skiblazer" */ = {
			isa = XCConfigurationList;
			buildConfigurations = (
				156726B82B9637C100D2771A /* Debug */,
				156726B92B9637C100D2771A /* Release */,
			);
			defaultConfigurationIsVisible = 0;
			defaultConfigurationName = Release;
		};
		156726BA2B9637C100D2771A /* Build configuration list for PBXNativeTarget "Skiblazer" */ = {
			isa = XCConfigurationList;
			buildConfigurations = (
				156726BB2B9637C100D2771A /* Debug */,
				156726BC2B9637C100D2771A /* Release */,
			);
			defaultConfigurationIsVisible = 0;
			defaultConfigurationName = Release;
		};
/* End XCConfigurationList section */

/* Begin XCRemoteSwiftPackageReference section */
		156726BD2B96386100D2771A /* XCRemoteSwiftPackageReference "amplify-swift" */ = {
			isa = XCRemoteSwiftPackageReference;
			repositoryURL = "https://github.com/aws-amplify/amplify-swift";
			requirement = {
				kind = upToNextMajorVersion;
				minimumVersion = 2.27.0;
			};
		};
		156726D62B96386F00D2771A /* XCRemoteSwiftPackageReference "amplify-ui-swift-authenticator" */ = {
			isa = XCRemoteSwiftPackageReference;
			repositoryURL = "https://github.com/aws-amplify/amplify-ui-swift-authenticator";
			requirement = {
				kind = upToNextMajorVersion;
				minimumVersion = 1.1.0;
			};
		};
/* End XCRemoteSwiftPackageReference section */

/* Begin XCSwiftPackageProductDependency section */
		156726BE2B96386100D2771A /* AWSAPIPlugin */ = {
			isa = XCSwiftPackageProductDependency;
			package = 156726BD2B96386100D2771A /* XCRemoteSwiftPackageReference "amplify-swift" */;
			productName = AWSAPIPlugin;
		};
		156726C02B96386100D2771A /* AWSCloudWatchLoggingPlugin */ = {
			isa = XCSwiftPackageProductDependency;
			package = 156726BD2B96386100D2771A /* XCRemoteSwiftPackageReference "amplify-swift" */;
			productName = AWSCloudWatchLoggingPlugin;
		};
		156726C22B96386100D2771A /* AWSCognitoAuthPlugin */ = {
			isa = XCSwiftPackageProductDependency;
			package = 156726BD2B96386100D2771A /* XCRemoteSwiftPackageReference "amplify-swift" */;
			productName = AWSCognitoAuthPlugin;
		};
		156726C42B96386100D2771A /* AWSDataStorePlugin */ = {
			isa = XCSwiftPackageProductDependency;
			package = 156726BD2B96386100D2771A /* XCRemoteSwiftPackageReference "amplify-swift" */;
			productName = AWSDataStorePlugin;
		};
		156726C62B96386100D2771A /* AWSLocationGeoPlugin */ = {
			isa = XCSwiftPackageProductDependency;
			package = 156726BD2B96386100D2771A /* XCRemoteSwiftPackageReference "amplify-swift" */;
			productName = AWSLocationGeoPlugin;
		};
		156726C82B96386100D2771A /* AWSPinpointAnalyticsPlugin */ = {
			isa = XCSwiftPackageProductDependency;
			package = 156726BD2B96386100D2771A /* XCRemoteSwiftPackageReference "amplify-swift" */;
			productName = AWSPinpointAnalyticsPlugin;
		};
		156726CA2B96386100D2771A /* AWSPinpointPushNotificationsPlugin */ = {
			isa = XCSwiftPackageProductDependency;
			package = 156726BD2B96386100D2771A /* XCRemoteSwiftPackageReference "amplify-swift" */;
			productName = AWSPinpointPushNotificationsPlugin;
		};
		156726CC2B96386100D2771A /* AWSPluginsCore */ = {
			isa = XCSwiftPackageProductDependency;
			package = 156726BD2B96386100D2771A /* XCRemoteSwiftPackageReference "amplify-swift" */;
			productName = AWSPluginsCore;
		};
		156726CE2B96386100D2771A /* AWSPredictionsPlugin */ = {
			isa = XCSwiftPackageProductDependency;
			package = 156726BD2B96386100D2771A /* XCRemoteSwiftPackageReference "amplify-swift" */;
			productName = AWSPredictionsPlugin;
		};
		156726D02B96386100D2771A /* AWSS3StoragePlugin */ = {
			isa = XCSwiftPackageProductDependency;
			package = 156726BD2B96386100D2771A /* XCRemoteSwiftPackageReference "amplify-swift" */;
			productName = AWSS3StoragePlugin;
		};
		156726D22B96386100D2771A /* Amplify */ = {
			isa = XCSwiftPackageProductDependency;
			package = 156726BD2B96386100D2771A /* XCRemoteSwiftPackageReference "amplify-swift" */;
			productName = Amplify;
		};
		156726D42B96386100D2771A /* CoreMLPredictionsPlugin */ = {
			isa = XCSwiftPackageProductDependency;
			package = 156726BD2B96386100D2771A /* XCRemoteSwiftPackageReference "amplify-swift" */;
			productName = CoreMLPredictionsPlugin;
		};
		156726D72B96386F00D2771A /* Authenticator */ = {
			isa = XCSwiftPackageProductDependency;
			package = 156726D62B96386F00D2771A /* XCRemoteSwiftPackageReference "amplify-ui-swift-authenticator" */;
			productName = Authenticator;
		};
/* End XCSwiftPackageProductDependency section */
	};
	rootObject = 156726A42B9637C000D2771A /* Project object */;
}
