// !$*UTF8*$!
{
	archiveVersion = 1;
	classes = {
	};
	objectVersion = 55;
	objects = {

/* Begin PBXBuildFile section */
		150C6EAF29031BD70055AD59 /* SideMenuFramework.swift in Sources */ = {isa = PBXBuildFile; fileRef = 150C6EAE29031BD70055AD59 /* SideMenuFramework.swift */; };
		150C6EB129035BE10055AD59 /* HextoColor.swift in Sources */ = {isa = PBXBuildFile; fileRef = 150C6EB029035BE10055AD59 /* HextoColor.swift */; };
		150D062428F4DEB90051F160 /* TrailSelectorView.swift in Sources */ = {isa = PBXBuildFile; fileRef = 150D062328F4DEB90051F160 /* TrailSelectorView.swift */; };
		150D062828F529260051F160 /* UserSettingsViewController.swift in Sources */ = {isa = PBXBuildFile; fileRef = 150D062728F529260051F160 /* UserSettingsViewController.swift */; };
		150D062C28F5D6C00051F160 /* TrailReports.swift in Sources */ = {isa = PBXBuildFile; fileRef = 150D062B28F5D6C00051F160 /* TrailReports.swift */; };
		150D063028F7797B0051F160 /* CustomMarkerAnnotationViews.swift in Sources */ = {isa = PBXBuildFile; fileRef = 150D062F28F7797B0051F160 /* CustomMarkerAnnotationViews.swift */; };
		150D063228F7D96A0051F160 /* TrailReportTypeTableViewCell.swift in Sources */ = {isa = PBXBuildFile; fileRef = 150D063128F7D96A0051F160 /* TrailReportTypeTableViewCell.swift */; };
		150D063428F8BCE00051F160 /* PopUpMenuFramework.swift in Sources */ = {isa = PBXBuildFile; fileRef = 150D063328F8BCE00051F160 /* PopUpMenuFramework.swift */; };
		150D063628F8E0C00051F160 /* RouteOverviewView.swift in Sources */ = {isa = PBXBuildFile; fileRef = 150D063528F8E0C00051F160 /* RouteOverviewView.swift */; };
		150D0640290063AB0051F160 /* SRMoon.png in Resources */ = {isa = PBXBuildFile; fileRef = 150D063F290063AB0051F160 /* SRMoon.png */; };
		150D0642290066C00051F160 /* MogulSquare.png in Resources */ = {isa = PBXBuildFile; fileRef = 150D0641290066C00051F160 /* MogulSquare.png */; };
		150D06442900682F0051F160 /* IcySquare.png in Resources */ = {isa = PBXBuildFile; fileRef = 150D06432900682F0051F160 /* IcySquare.png */; };
		150D064629006C190051F160 /* SRSun.png in Resources */ = {isa = PBXBuildFile; fileRef = 150D064529006C190051F160 /* SRSun.png */; };
		150D064C2900AC780051F160 /* MilkyNice.otf in Resources */ = {isa = PBXBuildFile; fileRef = 150D064B2900AC780051F160 /* MilkyNice.otf */; };
		15213F032904800D0027749B /* BellmanFordGraphStructure.swift in Sources */ = {isa = PBXBuildFile; fileRef = 15213F022904800D0027749B /* BellmanFordGraphStructure.swift */; };
		153B2E3A28ED135D00A23163 /* SignUpViewController.swift in Sources */ = {isa = PBXBuildFile; fileRef = 153B2E3928ED135D00A23163 /* SignUpViewController.swift */; };
		153B2E3C28ED1EDF00A23163 /* User.swift in Sources */ = {isa = PBXBuildFile; fileRef = 153B2E3B28ED1EDF00A23163 /* User.swift */; };
		153B2E3E28EDF26300A23163 /* CustomMKPolyline.swift in Sources */ = {isa = PBXBuildFile; fileRef = 153B2E3D28EDF26300A23163 /* CustomMKPolyline.swift */; };
		15545AD928DEA598005D0886 /* Web Analysis.swift in Sources */ = {isa = PBXBuildFile; fileRef = 15545AD828DEA598005D0886 /* Web Analysis.swift */; };
		15545AFF28E01813005D0886 /* SignInViewController.swift in Sources */ = {isa = PBXBuildFile; fileRef = 15545AFE28E01813005D0886 /* SignInViewController.swift */; };
		15545B0328E02268005D0886 /* InteractiveMapViewController.swift in Sources */ = {isa = PBXBuildFile; fileRef = 15545B0228E02268005D0886 /* InteractiveMapViewController.swift */; };
		15545B0828E148A9005D0886 /* MapOverlay.swift in Sources */ = {isa = PBXBuildFile; fileRef = 15545B0728E148A9005D0886 /* MapOverlay.swift */; };
		15545B0C28E224A2005D0886 /* DijsktrasGraphStructure.swift in Sources */ = {isa = PBXBuildFile; fileRef = 15545B0B28E224A2005D0886 /* DijsktrasGraphStructure.swift */; };
		15545B0E28E224C8005D0886 /* Trail.swift in Sources */ = {isa = PBXBuildFile; fileRef = 15545B0D28E224C8005D0886 /* Trail.swift */; };
		15545B1028E22CCC005D0886 /* TrailsDatabase.swift in Sources */ = {isa = PBXBuildFile; fileRef = 15545B0F28E22CCC005D0886 /* TrailsDatabase.swift */; };
		15545B1828E297CA005D0886 /* Game Test.gpx in Resources */ = {isa = PBXBuildFile; fileRef = 15545B1728E297CA005D0886 /* Game Test.gpx */; };
		15545B1A28E4ABD1005D0886 /* Tiles in Resources */ = {isa = PBXBuildFile; fileRef = 15545B1928E4ABD1005D0886 /* Tiles */; };
		15545B1C28E4CD42005D0886 /* TrailSelectorCustomCell.swift in Sources */ = {isa = PBXBuildFile; fileRef = 15545B1B28E4CD42005D0886 /* TrailSelectorCustomCell.swift */; };
		158749F827D82635001B9025 /* AppDelegate.swift in Sources */ = {isa = PBXBuildFile; fileRef = 158749F727D82635001B9025 /* AppDelegate.swift */; };
		158749FA27D82635001B9025 /* SceneDelegate.swift in Sources */ = {isa = PBXBuildFile; fileRef = 158749F927D82635001B9025 /* SceneDelegate.swift */; };
		158749FC27D82635001B9025 /* TitleScreen.swift in Sources */ = {isa = PBXBuildFile; fileRef = 158749FB27D82635001B9025 /* TitleScreen.swift */; };
		158749FF27D82635001B9025 /* Main.storyboard in Resources */ = {isa = PBXBuildFile; fileRef = 158749FD27D82635001B9025 /* Main.storyboard */; };
		15874A0127D82636001B9025 /* Assets.xcassets in Resources */ = {isa = PBXBuildFile; fileRef = 15874A0027D82636001B9025 /* Assets.xcassets */; };
		15874A0427D82636001B9025 /* LaunchScreen.storyboard in Resources */ = {isa = PBXBuildFile; fileRef = 15874A0227D82636001B9025 /* LaunchScreen.storyboard */; };
		15874A0E27D82AFA001B9025 /* Scraper.swift in Sources */ = {isa = PBXBuildFile; fileRef = 15874A0D27D82AFA001B9025 /* Scraper.swift */; };
/* End PBXBuildFile section */

/* Begin PBXFileReference section */
		150C6EAE29031BD70055AD59 /* SideMenuFramework.swift */ = {isa = PBXFileReference; lastKnownFileType = sourcecode.swift; path = SideMenuFramework.swift; sourceTree = "<group>"; };
		150C6EB029035BE10055AD59 /* HextoColor.swift */ = {isa = PBXFileReference; lastKnownFileType = sourcecode.swift; path = HextoColor.swift; sourceTree = "<group>"; };
		150D062328F4DEB90051F160 /* TrailSelectorView.swift */ = {isa = PBXFileReference; lastKnownFileType = sourcecode.swift; path = TrailSelectorView.swift; sourceTree = "<group>"; };
		150D062728F529260051F160 /* UserSettingsViewController.swift */ = {isa = PBXFileReference; lastKnownFileType = sourcecode.swift; path = UserSettingsViewController.swift; sourceTree = "<group>"; };
		150D062B28F5D6C00051F160 /* TrailReports.swift */ = {isa = PBXFileReference; lastKnownFileType = sourcecode.swift; path = TrailReports.swift; sourceTree = "<group>"; };
		150D062F28F7797B0051F160 /* CustomMarkerAnnotationViews.swift */ = {isa = PBXFileReference; lastKnownFileType = sourcecode.swift; path = CustomMarkerAnnotationViews.swift; sourceTree = "<group>"; };
		150D063128F7D96A0051F160 /* TrailReportTypeTableViewCell.swift */ = {isa = PBXFileReference; lastKnownFileType = sourcecode.swift; path = TrailReportTypeTableViewCell.swift; sourceTree = "<group>"; };
		150D063328F8BCE00051F160 /* PopUpMenuFramework.swift */ = {isa = PBXFileReference; lastKnownFileType = sourcecode.swift; path = PopUpMenuFramework.swift; sourceTree = "<group>"; };
		150D063528F8E0C00051F160 /* RouteOverviewView.swift */ = {isa = PBXFileReference; lastKnownFileType = sourcecode.swift; path = RouteOverviewView.swift; sourceTree = "<group>"; };
		150D063F290063AB0051F160 /* SRMoon.png */ = {isa = PBXFileReference; lastKnownFileType = image.png; path = SRMoon.png; sourceTree = "<group>"; };
		150D0641290066C00051F160 /* MogulSquare.png */ = {isa = PBXFileReference; lastKnownFileType = image.png; path = MogulSquare.png; sourceTree = "<group>"; };
		150D06432900682F0051F160 /* IcySquare.png */ = {isa = PBXFileReference; lastKnownFileType = image.png; path = IcySquare.png; sourceTree = "<group>"; };
		150D064529006C190051F160 /* SRSun.png */ = {isa = PBXFileReference; lastKnownFileType = image.png; path = SRSun.png; sourceTree = "<group>"; };
		150D064B2900AC780051F160 /* MilkyNice.otf */ = {isa = PBXFileReference; lastKnownFileType = file; path = MilkyNice.otf; sourceTree = "<group>"; };
		15213F022904800D0027749B /* BellmanFordGraphStructure.swift */ = {isa = PBXFileReference; lastKnownFileType = sourcecode.swift; path = BellmanFordGraphStructure.swift; sourceTree = "<group>"; };
		153B2E3928ED135D00A23163 /* SignUpViewController.swift */ = {isa = PBXFileReference; lastKnownFileType = sourcecode.swift; path = SignUpViewController.swift; sourceTree = "<group>"; };
		153B2E3B28ED1EDF00A23163 /* User.swift */ = {isa = PBXFileReference; lastKnownFileType = sourcecode.swift; path = User.swift; sourceTree = "<group>"; };
		153B2E3D28EDF26300A23163 /* CustomMKPolyline.swift */ = {isa = PBXFileReference; lastKnownFileType = sourcecode.swift; path = CustomMKPolyline.swift; sourceTree = "<group>"; };
		15545AD828DEA598005D0886 /* Web Analysis.swift */ = {isa = PBXFileReference; lastKnownFileType = sourcecode.swift; path = "Web Analysis.swift"; sourceTree = "<group>"; };
		15545AFE28E01813005D0886 /* SignInViewController.swift */ = {isa = PBXFileReference; lastKnownFileType = sourcecode.swift; path = SignInViewController.swift; sourceTree = "<group>"; };
		15545B0228E02268005D0886 /* InteractiveMapViewController.swift */ = {isa = PBXFileReference; lastKnownFileType = sourcecode.swift; path = InteractiveMapViewController.swift; sourceTree = "<group>"; };
		15545B0728E148A9005D0886 /* MapOverlay.swift */ = {isa = PBXFileReference; lastKnownFileType = sourcecode.swift; path = MapOverlay.swift; sourceTree = "<group>"; };
		15545B0B28E224A2005D0886 /* DijsktrasGraphStructure.swift */ = {isa = PBXFileReference; lastKnownFileType = sourcecode.swift; path = DijsktrasGraphStructure.swift; sourceTree = "<group>"; };
		15545B0D28E224C8005D0886 /* Trail.swift */ = {isa = PBXFileReference; lastKnownFileType = sourcecode.swift; path = Trail.swift; sourceTree = "<group>"; };
		15545B0F28E22CCC005D0886 /* TrailsDatabase.swift */ = {isa = PBXFileReference; lastKnownFileType = sourcecode.swift; path = TrailsDatabase.swift; sourceTree = "<group>"; };
		15545B1728E297CA005D0886 /* Game Test.gpx */ = {isa = PBXFileReference; fileEncoding = 4; lastKnownFileType = text.xml; path = "Game Test.gpx"; sourceTree = "<group>"; };
		15545B1928E4ABD1005D0886 /* Tiles */ = {isa = PBXFileReference; lastKnownFileType = folder; path = Tiles; sourceTree = "<group>"; };
		15545B1B28E4CD42005D0886 /* TrailSelectorCustomCell.swift */ = {isa = PBXFileReference; lastKnownFileType = sourcecode.swift; path = TrailSelectorCustomCell.swift; sourceTree = "<group>"; };
		158749F427D82635001B9025 /* SundayRiver.app */ = {isa = PBXFileReference; explicitFileType = wrapper.application; includeInIndex = 0; path = SundayRiver.app; sourceTree = BUILT_PRODUCTS_DIR; };
		158749F727D82635001B9025 /* AppDelegate.swift */ = {isa = PBXFileReference; lastKnownFileType = sourcecode.swift; path = AppDelegate.swift; sourceTree = "<group>"; };
		158749F927D82635001B9025 /* SceneDelegate.swift */ = {isa = PBXFileReference; lastKnownFileType = sourcecode.swift; path = SceneDelegate.swift; sourceTree = "<group>"; };
		158749FB27D82635001B9025 /* TitleScreen.swift */ = {isa = PBXFileReference; lastKnownFileType = sourcecode.swift; path = TitleScreen.swift; sourceTree = "<group>"; };
		158749FE27D82635001B9025 /* Base */ = {isa = PBXFileReference; lastKnownFileType = file.storyboard; name = Base; path = Base.lproj/Main.storyboard; sourceTree = "<group>"; };
		15874A0027D82636001B9025 /* Assets.xcassets */ = {isa = PBXFileReference; lastKnownFileType = folder.assetcatalog; path = Assets.xcassets; sourceTree = "<group>"; };
		15874A0327D82636001B9025 /* Base */ = {isa = PBXFileReference; lastKnownFileType = file.storyboard; name = Base; path = Base.lproj/LaunchScreen.storyboard; sourceTree = "<group>"; };
		15874A0527D82636001B9025 /* Info.plist */ = {isa = PBXFileReference; lastKnownFileType = text.plist.xml; path = Info.plist; sourceTree = "<group>"; };
		15874A0D27D82AFA001B9025 /* Scraper.swift */ = {isa = PBXFileReference; lastKnownFileType = sourcecode.swift; path = Scraper.swift; sourceTree = "<group>"; };
/* End PBXFileReference section */

/* Begin PBXFrameworksBuildPhase section */
		158749F127D82635001B9025 /* Frameworks */ = {
			isa = PBXFrameworksBuildPhase;
			buildActionMask = 2147483647;
			files = (
			);
			runOnlyForDeploymentPostprocessing = 0;
		};
/* End PBXFrameworksBuildPhase section */

/* Begin PBXGroup section */
		150C6EAD29031B0C0055AD59 /* Unused.Utils */ = {
			isa = PBXGroup;
			children = (
				15545B0728E148A9005D0886 /* MapOverlay.swift */,
				15545AD828DEA598005D0886 /* Web Analysis.swift */,
				15874A0D27D82AFA001B9025 /* Scraper.swift */,
			);
			path = Unused.Utils;
			sourceTree = "<group>";
		};
		150D063728FB020B0051F160 /* Utils */ = {
			isa = PBXGroup;
			children = (
				150D062328F4DEB90051F160 /* TrailSelectorView.swift */,
				150C6EB029035BE10055AD59 /* HextoColor.swift */,
				153B2E3D28EDF26300A23163 /* CustomMKPolyline.swift */,
				150C6EAE29031BD70055AD59 /* SideMenuFramework.swift */,
				150D063128F7D96A0051F160 /* TrailReportTypeTableViewCell.swift */,
				150D062F28F7797B0051F160 /* CustomMarkerAnnotationViews.swift */,
				15545B1B28E4CD42005D0886 /* TrailSelectorCustomCell.swift */,
				150D063328F8BCE00051F160 /* PopUpMenuFramework.swift */,
				150D063528F8E0C00051F160 /* RouteOverviewView.swift */,
				153B2E3B28ED1EDF00A23163 /* User.swift */,
				150C6EAD29031B0C0055AD59 /* Unused.Utils */,
				150D06472900A8CD0051F160 /* Fonts */,
			);
			path = Utils;
			sourceTree = "<group>";
		};
		150D063E290063900051F160 /* Images */ = {
			isa = PBXGroup;
			children = (
				150D064529006C190051F160 /* SRSun.png */,
				150D06432900682F0051F160 /* IcySquare.png */,
				150D0641290066C00051F160 /* MogulSquare.png */,
				150D063F290063AB0051F160 /* SRMoon.png */,
			);
			path = Images;
			sourceTree = "<group>";
		};
		150D06472900A8CD0051F160 /* Fonts */ = {
			isa = PBXGroup;
			children = (
				150D064B2900AC780051F160 /* MilkyNice.otf */,
			);
			path = Fonts;
			sourceTree = "<group>";
		};
		15545B0428E022A5005D0886 /* ViewControllers */ = {
			isa = PBXGroup;
			children = (
				158749FB27D82635001B9025 /* TitleScreen.swift */,
				15545AFE28E01813005D0886 /* SignInViewController.swift */,
				153B2E3928ED135D00A23163 /* SignUpViewController.swift */,
				15545B0228E02268005D0886 /* InteractiveMapViewController.swift */,
				150D062728F529260051F160 /* UserSettingsViewController.swift */,
			);
			path = ViewControllers;
			sourceTree = "<group>";
		};
		158749EB27D82635001B9025 = {
			isa = PBXGroup;
			children = (
				158749F627D82635001B9025 /* SundayRiver */,
				158749F527D82635001B9025 /* Products */,
			);
			sourceTree = "<group>";
		};
		158749F527D82635001B9025 /* Products */ = {
			isa = PBXGroup;
			children = (
				158749F427D82635001B9025 /* SundayRiver.app */,
			);
			name = Products;
			sourceTree = "<group>";
		};
		158749F627D82635001B9025 /* SundayRiver */ = {
			isa = PBXGroup;
			children = (
				158749F727D82635001B9025 /* AppDelegate.swift */,
				158749F927D82635001B9025 /* SceneDelegate.swift */,
				158749FD27D82635001B9025 /* Main.storyboard */,
				15545B0428E022A5005D0886 /* ViewControllers */,
				159B0EC628E68DDC00DAFEAA /* TrailDatabaseFiles */,
				150D063728FB020B0051F160 /* Utils */,
				15545B1728E297CA005D0886 /* Game Test.gpx */,
				15874A0027D82636001B9025 /* Assets.xcassets */,
				150D063E290063900051F160 /* Images */,
				15874A0227D82636001B9025 /* LaunchScreen.storyboard */,
				15545B1928E4ABD1005D0886 /* Tiles */,
				15874A0527D82636001B9025 /* Info.plist */,
			);
			path = SundayRiver;
			sourceTree = "<group>";
		};
		159B0EC628E68DDC00DAFEAA /* TrailDatabaseFiles */ = {
			isa = PBXGroup;
			children = (
				15545B0D28E224C8005D0886 /* Trail.swift */,
				15545B0B28E224A2005D0886 /* DijsktrasGraphStructure.swift */,
				15545B0F28E22CCC005D0886 /* TrailsDatabase.swift */,
				15213F022904800D0027749B /* BellmanFordGraphStructure.swift */,
				150D062B28F5D6C00051F160 /* TrailReports.swift */,
			);
			path = TrailDatabaseFiles;
			sourceTree = "<group>";
		};
/* End PBXGroup section */

/* Begin PBXNativeTarget section */
		158749F327D82635001B9025 /* SundayRiver */ = {
			isa = PBXNativeTarget;
			buildConfigurationList = 15874A0827D82636001B9025 /* Build configuration list for PBXNativeTarget "SundayRiver" */;
			buildPhases = (
				158749F027D82635001B9025 /* Sources */,
				158749F127D82635001B9025 /* Frameworks */,
				158749F227D82635001B9025 /* Resources */,
			);
			buildRules = (
			);
			dependencies = (
			);
			name = SundayRiver;
			productName = SundayRiver;
			productReference = 158749F427D82635001B9025 /* SundayRiver.app */;
			productType = "com.apple.product-type.application";
		};
/* End PBXNativeTarget section */

/* Begin PBXProject section */
		158749EC27D82635001B9025 /* Project object */ = {
			isa = PBXProject;
			attributes = {
				BuildIndependentTargetsInParallel = 1;
				LastSwiftUpdateCheck = 1320;
				LastUpgradeCheck = 1320;
				TargetAttributes = {
					158749F327D82635001B9025 = {
						CreatedOnToolsVersion = 13.2.1;
					};
				};
			};
			buildConfigurationList = 158749EF27D82635001B9025 /* Build configuration list for PBXProject "SundayRiver" */;
			compatibilityVersion = "Xcode 13.0";
			developmentRegion = en;
			hasScannedForEncodings = 0;
			knownRegions = (
				en,
				Base,
			);
			mainGroup = 158749EB27D82635001B9025;
			productRefGroup = 158749F527D82635001B9025 /* Products */;
			projectDirPath = "";
			projectRoot = "";
			targets = (
				158749F327D82635001B9025 /* SundayRiver */,
			);
		};
/* End PBXProject section */

/* Begin PBXResourcesBuildPhase section */
		158749F227D82635001B9025 /* Resources */ = {
			isa = PBXResourcesBuildPhase;
			buildActionMask = 2147483647;
			files = (
				15545B1828E297CA005D0886 /* Game Test.gpx in Resources */,
				150D06442900682F0051F160 /* IcySquare.png in Resources */,
				15874A0427D82636001B9025 /* LaunchScreen.storyboard in Resources */,
				150D064629006C190051F160 /* SRSun.png in Resources */,
				150D064C2900AC780051F160 /* MilkyNice.otf in Resources */,
				150D0640290063AB0051F160 /* SRMoon.png in Resources */,
				15874A0127D82636001B9025 /* Assets.xcassets in Resources */,
				158749FF27D82635001B9025 /* Main.storyboard in Resources */,
				15545B1A28E4ABD1005D0886 /* Tiles in Resources */,
				150D0642290066C00051F160 /* MogulSquare.png in Resources */,
			);
			runOnlyForDeploymentPostprocessing = 0;
		};
/* End PBXResourcesBuildPhase section */

/* Begin PBXSourcesBuildPhase section */
		158749F027D82635001B9025 /* Sources */ = {
			isa = PBXSourcesBuildPhase;
			buildActionMask = 2147483647;
			files = (
				15545B0E28E224C8005D0886 /* Trail.swift in Sources */,
				15545B1C28E4CD42005D0886 /* TrailSelectorCustomCell.swift in Sources */,
				150D063228F7D96A0051F160 /* TrailReportTypeTableViewCell.swift in Sources */,
				15545B0328E02268005D0886 /* InteractiveMapViewController.swift in Sources */,
				150D063628F8E0C00051F160 /* RouteOverviewView.swift in Sources */,
				150D063028F7797B0051F160 /* CustomMarkerAnnotationViews.swift in Sources */,
				150D063428F8BCE00051F160 /* PopUpMenuFramework.swift in Sources */,
				15874A0E27D82AFA001B9025 /* Scraper.swift in Sources */,
				150C6EAF29031BD70055AD59 /* SideMenuFramework.swift in Sources */,
				153B2E3C28ED1EDF00A23163 /* User.swift in Sources */,
				15545B1028E22CCC005D0886 /* TrailsDatabase.swift in Sources */,
				158749FC27D82635001B9025 /* TitleScreen.swift in Sources */,
				15545AFF28E01813005D0886 /* SignInViewController.swift in Sources */,
				150D062828F529260051F160 /* UserSettingsViewController.swift in Sources */,
				150D062C28F5D6C00051F160 /* TrailReports.swift in Sources */,
				158749F827D82635001B9025 /* AppDelegate.swift in Sources */,
				158749FA27D82635001B9025 /* SceneDelegate.swift in Sources */,
				153B2E3A28ED135D00A23163 /* SignUpViewController.swift in Sources */,
				150C6EB129035BE10055AD59 /* HextoColor.swift in Sources */,
				153B2E3E28EDF26300A23163 /* CustomMKPolyline.swift in Sources */,
				15545AD928DEA598005D0886 /* Web Analysis.swift in Sources */,
				15545B0828E148A9005D0886 /* MapOverlay.swift in Sources */,
				150D062428F4DEB90051F160 /* TrailSelectorView.swift in Sources */,
				15545B0C28E224A2005D0886 /* DijsktrasGraphStructure.swift in Sources */,
				15213F032904800D0027749B /* BellmanFordGraphStructure.swift in Sources */,
			);
			runOnlyForDeploymentPostprocessing = 0;
		};
/* End PBXSourcesBuildPhase section */

/* Begin PBXVariantGroup section */
		158749FD27D82635001B9025 /* Main.storyboard */ = {
			isa = PBXVariantGroup;
			children = (
				158749FE27D82635001B9025 /* Base */,
			);
			name = Main.storyboard;
			sourceTree = "<group>";
		};
		15874A0227D82636001B9025 /* LaunchScreen.storyboard */ = {
			isa = PBXVariantGroup;
			children = (
				15874A0327D82636001B9025 /* Base */,
			);
			name = LaunchScreen.storyboard;
			sourceTree = "<group>";
		};
/* End PBXVariantGroup section */

/* Begin XCBuildConfiguration section */
		15874A0627D82636001B9025 /* Debug */ = {
			isa = XCBuildConfiguration;
			buildSettings = {
				ALWAYS_SEARCH_USER_PATHS = NO;
				CLANG_ANALYZER_NONNULL = YES;
				CLANG_ANALYZER_NUMBER_OBJECT_CONVERSION = YES_AGGRESSIVE;
				CLANG_CXX_LANGUAGE_STANDARD = "gnu++17";
				CLANG_CXX_LIBRARY = "libc++";
				CLANG_ENABLE_MODULES = YES;
				CLANG_ENABLE_OBJC_ARC = YES;
				CLANG_ENABLE_OBJC_WEAK = YES;
				CLANG_WARN_BLOCK_CAPTURE_AUTORELEASING = YES;
				CLANG_WARN_BOOL_CONVERSION = YES;
				CLANG_WARN_COMMA = YES;
				CLANG_WARN_CONSTANT_CONVERSION = YES;
				CLANG_WARN_DEPRECATED_OBJC_IMPLEMENTATIONS = YES;
				CLANG_WARN_DIRECT_OBJC_ISA_USAGE = YES_ERROR;
				CLANG_WARN_DOCUMENTATION_COMMENTS = YES;
				CLANG_WARN_EMPTY_BODY = YES;
				CLANG_WARN_ENUM_CONVERSION = YES;
				CLANG_WARN_INFINITE_RECURSION = YES;
				CLANG_WARN_INT_CONVERSION = YES;
				CLANG_WARN_NON_LITERAL_NULL_CONVERSION = YES;
				CLANG_WARN_OBJC_IMPLICIT_RETAIN_SELF = YES;
				CLANG_WARN_OBJC_LITERAL_CONVERSION = YES;
				CLANG_WARN_OBJC_ROOT_CLASS = YES_ERROR;
				CLANG_WARN_QUOTED_INCLUDE_IN_FRAMEWORK_HEADER = YES;
				CLANG_WARN_RANGE_LOOP_ANALYSIS = YES;
				CLANG_WARN_STRICT_PROTOTYPES = YES;
				CLANG_WARN_SUSPICIOUS_MOVE = YES;
				CLANG_WARN_UNGUARDED_AVAILABILITY = YES_AGGRESSIVE;
				CLANG_WARN_UNREACHABLE_CODE = YES;
				CLANG_WARN__DUPLICATE_METHOD_MATCH = YES;
				COPY_PHASE_STRIP = NO;
				DEBUG_INFORMATION_FORMAT = dwarf;
				ENABLE_STRICT_OBJC_MSGSEND = YES;
				ENABLE_TESTABILITY = YES;
				GCC_C_LANGUAGE_STANDARD = gnu11;
				GCC_DYNAMIC_NO_PIC = NO;
				GCC_NO_COMMON_BLOCKS = YES;
				GCC_OPTIMIZATION_LEVEL = 0;
				GCC_PREPROCESSOR_DEFINITIONS = (
					"DEBUG=1",
					"$(inherited)",
				);
				GCC_WARN_64_TO_32_BIT_CONVERSION = YES;
				GCC_WARN_ABOUT_RETURN_TYPE = YES_ERROR;
				GCC_WARN_UNDECLARED_SELECTOR = YES;
				GCC_WARN_UNINITIALIZED_AUTOS = YES_AGGRESSIVE;
				GCC_WARN_UNUSED_FUNCTION = YES;
				GCC_WARN_UNUSED_VARIABLE = YES;
				IPHONEOS_DEPLOYMENT_TARGET = 15.2;
				MTL_ENABLE_DEBUG_INFO = INCLUDE_SOURCE;
				MTL_FAST_MATH = YES;
				ONLY_ACTIVE_ARCH = YES;
				SDKROOT = iphoneos;
				SWIFT_ACTIVE_COMPILATION_CONDITIONS = DEBUG;
				SWIFT_OPTIMIZATION_LEVEL = "-Onone";
			};
			name = Debug;
		};
		15874A0727D82636001B9025 /* Release */ = {
			isa = XCBuildConfiguration;
			buildSettings = {
				ALWAYS_SEARCH_USER_PATHS = NO;
				CLANG_ANALYZER_NONNULL = YES;
				CLANG_ANALYZER_NUMBER_OBJECT_CONVERSION = YES_AGGRESSIVE;
				CLANG_CXX_LANGUAGE_STANDARD = "gnu++17";
				CLANG_CXX_LIBRARY = "libc++";
				CLANG_ENABLE_MODULES = YES;
				CLANG_ENABLE_OBJC_ARC = YES;
				CLANG_ENABLE_OBJC_WEAK = YES;
				CLANG_WARN_BLOCK_CAPTURE_AUTORELEASING = YES;
				CLANG_WARN_BOOL_CONVERSION = YES;
				CLANG_WARN_COMMA = YES;
				CLANG_WARN_CONSTANT_CONVERSION = YES;
				CLANG_WARN_DEPRECATED_OBJC_IMPLEMENTATIONS = YES;
				CLANG_WARN_DIRECT_OBJC_ISA_USAGE = YES_ERROR;
				CLANG_WARN_DOCUMENTATION_COMMENTS = YES;
				CLANG_WARN_EMPTY_BODY = YES;
				CLANG_WARN_ENUM_CONVERSION = YES;
				CLANG_WARN_INFINITE_RECURSION = YES;
				CLANG_WARN_INT_CONVERSION = YES;
				CLANG_WARN_NON_LITERAL_NULL_CONVERSION = YES;
				CLANG_WARN_OBJC_IMPLICIT_RETAIN_SELF = YES;
				CLANG_WARN_OBJC_LITERAL_CONVERSION = YES;
				CLANG_WARN_OBJC_ROOT_CLASS = YES_ERROR;
				CLANG_WARN_QUOTED_INCLUDE_IN_FRAMEWORK_HEADER = YES;
				CLANG_WARN_RANGE_LOOP_ANALYSIS = YES;
				CLANG_WARN_STRICT_PROTOTYPES = YES;
				CLANG_WARN_SUSPICIOUS_MOVE = YES;
				CLANG_WARN_UNGUARDED_AVAILABILITY = YES_AGGRESSIVE;
				CLANG_WARN_UNREACHABLE_CODE = YES;
				CLANG_WARN__DUPLICATE_METHOD_MATCH = YES;
				COPY_PHASE_STRIP = NO;
				DEBUG_INFORMATION_FORMAT = "dwarf-with-dsym";
				ENABLE_NS_ASSERTIONS = NO;
				ENABLE_STRICT_OBJC_MSGSEND = YES;
				GCC_C_LANGUAGE_STANDARD = gnu11;
				GCC_NO_COMMON_BLOCKS = YES;
				GCC_WARN_64_TO_32_BIT_CONVERSION = YES;
				GCC_WARN_ABOUT_RETURN_TYPE = YES_ERROR;
				GCC_WARN_UNDECLARED_SELECTOR = YES;
				GCC_WARN_UNINITIALIZED_AUTOS = YES_AGGRESSIVE;
				GCC_WARN_UNUSED_FUNCTION = YES;
				GCC_WARN_UNUSED_VARIABLE = YES;
				IPHONEOS_DEPLOYMENT_TARGET = 15.2;
				MTL_ENABLE_DEBUG_INFO = NO;
				MTL_FAST_MATH = YES;
				SDKROOT = iphoneos;
				SWIFT_COMPILATION_MODE = wholemodule;
				SWIFT_OPTIMIZATION_LEVEL = "-O";
				VALIDATE_PRODUCT = YES;
			};
			name = Release;
		};
		15874A0927D82636001B9025 /* Debug */ = {
			isa = XCBuildConfiguration;
			buildSettings = {
				ASSETCATALOG_COMPILER_APPICON_NAME = AppIcon;
				ASSETCATALOG_COMPILER_GLOBAL_ACCENT_COLOR_NAME = AccentColor;
				CODE_SIGN_STYLE = Automatic;
				CURRENT_PROJECT_VERSION = 1;
				DEVELOPMENT_TEAM = GTXY2R57XP;
				GENERATE_INFOPLIST_FILE = YES;
				INFOPLIST_FILE = SundayRiver/Info.plist;
				INFOPLIST_KEY_CFBundleDisplayName = "Sunday River TB";
				INFOPLIST_KEY_LSApplicationCategoryType = "public.app-category.travel";
				INFOPLIST_KEY_NSLocationWhenInUseUsageDescription = "This app uses your location to personalize your experience";
				INFOPLIST_KEY_UIApplicationSupportsIndirectInputEvents = YES;
				INFOPLIST_KEY_UILaunchStoryboardName = LaunchScreen;
				INFOPLIST_KEY_UIMainStoryboardFile = Main;
				INFOPLIST_KEY_UIRequiresFullScreen = YES;
				INFOPLIST_KEY_UISupportedInterfaceOrientations = "UIInterfaceOrientationPortrait UIInterfaceOrientationPortraitUpsideDown";
				LD_RUNPATH_SEARCH_PATHS = (
					"$(inherited)",
					"@executable_path/Frameworks",
				);
				MARKETING_VERSION = 1.0;
				PRODUCT_BUNDLE_IDENTIFIER = com.mckee.SundayRiver;
				PRODUCT_NAME = "$(TARGET_NAME)";
				SWIFT_EMIT_LOC_STRINGS = YES;
				SWIFT_VERSION = 5.0;
				TARGETED_DEVICE_FAMILY = "1,2";
			};
			name = Debug;
		};
		15874A0A27D82636001B9025 /* Release */ = {
			isa = XCBuildConfiguration;
			buildSettings = {
				ASSETCATALOG_COMPILER_APPICON_NAME = AppIcon;
				ASSETCATALOG_COMPILER_GLOBAL_ACCENT_COLOR_NAME = AccentColor;
				CODE_SIGN_STYLE = Automatic;
				CURRENT_PROJECT_VERSION = 1;
				DEVELOPMENT_TEAM = GTXY2R57XP;
				GENERATE_INFOPLIST_FILE = YES;
				INFOPLIST_FILE = SundayRiver/Info.plist;
				INFOPLIST_KEY_CFBundleDisplayName = "Sunday River TB";
				INFOPLIST_KEY_LSApplicationCategoryType = "public.app-category.travel";
				INFOPLIST_KEY_NSLocationWhenInUseUsageDescription = "This app uses your location to personalize your experience";
				INFOPLIST_KEY_UIApplicationSupportsIndirectInputEvents = YES;
				INFOPLIST_KEY_UILaunchStoryboardName = LaunchScreen;
				INFOPLIST_KEY_UIMainStoryboardFile = Main;
				INFOPLIST_KEY_UIRequiresFullScreen = YES;
				INFOPLIST_KEY_UISupportedInterfaceOrientations = "UIInterfaceOrientationPortrait UIInterfaceOrientationPortraitUpsideDown";
				LD_RUNPATH_SEARCH_PATHS = (
					"$(inherited)",
					"@executable_path/Frameworks",
				);
				MARKETING_VERSION = 1.0;
				PRODUCT_BUNDLE_IDENTIFIER = com.mckee.SundayRiver;
				PRODUCT_NAME = "$(TARGET_NAME)";
				SWIFT_EMIT_LOC_STRINGS = YES;
				SWIFT_VERSION = 5.0;
				TARGETED_DEVICE_FAMILY = "1,2";
			};
			name = Release;
		};
/* End XCBuildConfiguration section */

/* Begin XCConfigurationList section */
		158749EF27D82635001B9025 /* Build configuration list for PBXProject "SundayRiver" */ = {
			isa = XCConfigurationList;
			buildConfigurations = (
				15874A0627D82636001B9025 /* Debug */,
				15874A0727D82636001B9025 /* Release */,
			);
			defaultConfigurationIsVisible = 0;
			defaultConfigurationName = Release;
		};
		15874A0827D82636001B9025 /* Build configuration list for PBXNativeTarget "SundayRiver" */ = {
			isa = XCConfigurationList;
			buildConfigurations = (
				15874A0927D82636001B9025 /* Debug */,
				15874A0A27D82636001B9025 /* Release */,
			);
			defaultConfigurationIsVisible = 0;
			defaultConfigurationName = Release;
		};
/* End XCConfigurationList section */
	};
	rootObject = 158749EC27D82635001B9025 /* Project object */;
}
