// !$*UTF8*$!
{
	archiveVersion = 1;
	classes = {
	};
	objectVersion = 55;
	objects = {

/* Begin PBXBuildFile section */
		150828D62943AF320060B341 /* LoadingView.swift in Sources */ = {isa = PBXBuildFile; fileRef = 150828D52943AF320060B341 /* LoadingView.swift */; };
		150C6EAF29031BD70055AD59 /* SideMenuFramework.swift in Sources */ = {isa = PBXBuildFile; fileRef = 150C6EAE29031BD70055AD59 /* SideMenuFramework.swift */; };
		150C6EB129035BE10055AD59 /* HextoColor.swift in Sources */ = {isa = PBXBuildFile; fileRef = 150C6EB029035BE10055AD59 /* HextoColor.swift */; };
		150D062428F4DEB90051F160 /* TrailSelectorView.swift in Sources */ = {isa = PBXBuildFile; fileRef = 150D062328F4DEB90051F160 /* TrailSelectorView.swift */; };
		150D062828F529260051F160 /* UserSettingsViewController.swift in Sources */ = {isa = PBXBuildFile; fileRef = 150D062728F529260051F160 /* UserSettingsViewController.swift */; };
		150D062C28F5D6C00051F160 /* TrailReports.swift in Sources */ = {isa = PBXBuildFile; fileRef = 150D062B28F5D6C00051F160 /* TrailReports.swift */; };
		150D063028F7797B0051F160 /* CustomMarkerAnnotationViews.swift in Sources */ = {isa = PBXBuildFile; fileRef = 150D062F28F7797B0051F160 /* CustomMarkerAnnotationViews.swift */; };
		150D063228F7D96A0051F160 /* TrailReportTypeTableViewCell.swift in Sources */ = {isa = PBXBuildFile; fileRef = 150D063128F7D96A0051F160 /* TrailReportTypeTableViewCell.swift */; };
		150D063428F8BCE00051F160 /* PopUpMenuFramework.swift in Sources */ = {isa = PBXBuildFile; fileRef = 150D063328F8BCE00051F160 /* PopUpMenuFramework.swift */; };
		150D063628F8E0C00051F160 /* RouteOverviewView.swift in Sources */ = {isa = PBXBuildFile; fileRef = 150D063528F8E0C00051F160 /* RouteOverviewView.swift */; };
		150D0640290063AB0051F160 /* SRMoon.png in Resources */ = {isa = PBXBuildFile; fileRef = 150D063F290063AB0051F160 /* SRMoon.png */; };
		150D0642290066C00051F160 /* MogulSquare.png in Resources */ = {isa = PBXBuildFile; fileRef = 150D0641290066C00051F160 /* MogulSquare.png */; };
		150D06442900682F0051F160 /* IcySquare.png in Resources */ = {isa = PBXBuildFile; fileRef = 150D06432900682F0051F160 /* IcySquare.png */; };
		150D064629006C190051F160 /* SRSun.png in Resources */ = {isa = PBXBuildFile; fileRef = 150D064529006C190051F160 /* SRSun.png */; };
		150D064C2900AC780051F160 /* MilkyNice.otf in Resources */ = {isa = PBXBuildFile; fileRef = 150D064B2900AC780051F160 /* MilkyNice.otf */; };
		15213F032904800D0027749B /* BellmanFordGraphStructure.swift in Sources */ = {isa = PBXBuildFile; fileRef = 15213F022904800D0027749B /* BellmanFordGraphStructure.swift */; };
		1524944F29074F7E009E7059 /* NotificationUtils.swift in Sources */ = {isa = PBXBuildFile; fileRef = 1524944E29074F7E009E7059 /* NotificationUtils.swift */; };
		15249451290754DA009E7059 /* UnusedFunctions.swift in Sources */ = {isa = PBXBuildFile; fileRef = 15249450290754DA009E7059 /* UnusedFunctions.swift */; };
		15249453290823CC009E7059 /* UserSettingsTableViewCell.swift in Sources */ = {isa = PBXBuildFile; fileRef = 15249452290823CC009E7059 /* UserSettingsTableViewCell.swift */; };
		1524945529082897009E7059 /* Settings.swift in Sources */ = {isa = PBXBuildFile; fileRef = 1524945429082897009E7059 /* Settings.swift */; };
		1524945729084F89009E7059 /* UserTrailReportsViewController.swift in Sources */ = {isa = PBXBuildFile; fileRef = 1524945629084F89009E7059 /* UserTrailReportsViewController.swift */; };
		1524945929085D88009E7059 /* TrailReportTableViewCell.swift in Sources */ = {isa = PBXBuildFile; fileRef = 1524945829085D88009E7059 /* TrailReportTableViewCell.swift */; };
		152C69BA291B50120092E537 /* LocationManager.swift in Sources */ = {isa = PBXBuildFile; fileRef = 152C69B9291B50120092E537 /* LocationManager.swift */; };
		15316621290AE86100206E7E /* UserLocation.swift in Sources */ = {isa = PBXBuildFile; fileRef = 15316620290AE86100206E7E /* UserLocation.swift */; };
		15316623290AE86800206E7E /* UserRoute.swift in Sources */ = {isa = PBXBuildFile; fileRef = 15316622290AE86800206E7E /* UserRoute.swift */; };
		153B2E3A28ED135D00A23163 /* SignUpViewController.swift in Sources */ = {isa = PBXBuildFile; fileRef = 153B2E3928ED135D00A23163 /* SignUpViewController.swift */; };
		153B2E3C28ED1EDF00A23163 /* User.swift in Sources */ = {isa = PBXBuildFile; fileRef = 153B2E3B28ED1EDF00A23163 /* User.swift */; };
		153B2E3E28EDF26300A23163 /* CustomMKPolyline.swift in Sources */ = {isa = PBXBuildFile; fileRef = 153B2E3D28EDF26300A23163 /* CustomMKPolyline.swift */; };
		153DAB9829255CFC001ABAAD /* MapInterpreter.swift in Sources */ = {isa = PBXBuildFile; fileRef = 153DAB9729255CFC001ABAAD /* MapInterpreter.swift */; };
		153DABAD2936C44A001ABAAD /* Trailblazer Watch App.app in Embed Watch Content */ = {isa = PBXBuildFile; fileRef = 1591DBB6291AE7B800978FD8 /* Trailblazer Watch App.app */; settings = {ATTRIBUTES = (RemoveHeadersOnCopy, ); }; };
		153DABB12937CF61001ABAAD /* TrailsDatabase.swift in Sources */ = {isa = PBXBuildFile; fileRef = 15545B0F28E22CCC005D0886 /* TrailsDatabase.swift */; };
		153DABB22937D17E001ABAAD /* Trail.swift in Sources */ = {isa = PBXBuildFile; fileRef = 15545B0D28E224C8005D0886 /* Trail.swift */; };
		153DABB32937D188001ABAAD /* DijsktrasGraphStructure.swift in Sources */ = {isa = PBXBuildFile; fileRef = 15545B0B28E224A2005D0886 /* DijsktrasGraphStructure.swift */; };
		15489A492922AF2F00898FD0 /* Connectivity.swift in Sources */ = {isa = PBXBuildFile; fileRef = 15489A482922AF2F00898FD0 /* Connectivity.swift */; };
		15489A4A2922AFAC00898FD0 /* Connectivity.swift in Sources */ = {isa = PBXBuildFile; fileRef = 15489A482922AF2F00898FD0 /* Connectivity.swift */; };
		15489A4C2922BAD100898FD0 /* ConnectivityController.swift in Sources */ = {isa = PBXBuildFile; fileRef = 15489A4B2922BAD100898FD0 /* ConnectivityController.swift */; };
		15489A4D2922C0A900898FD0 /* ConnectivityController.swift in Sources */ = {isa = PBXBuildFile; fileRef = 15489A4B2922BAD100898FD0 /* ConnectivityController.swift */; };
		15489A4E2922FA8100898FD0 /* Game Test.gpx in Resources */ = {isa = PBXBuildFile; fileRef = 15545B1728E297CA005D0886 /* Game Test.gpx */; };
		15545AD928DEA598005D0886 /* Web Analysis.swift in Sources */ = {isa = PBXBuildFile; fileRef = 15545AD828DEA598005D0886 /* Web Analysis.swift */; };
		15545AFF28E01813005D0886 /* SignInViewController.swift in Sources */ = {isa = PBXBuildFile; fileRef = 15545AFE28E01813005D0886 /* SignInViewController.swift */; };
		15545B0328E02268005D0886 /* InteractiveMapViewController.swift in Sources */ = {isa = PBXBuildFile; fileRef = 15545B0228E02268005D0886 /* InteractiveMapViewController.swift */; };
		15545B0828E148A9005D0886 /* MapOverlay.swift in Sources */ = {isa = PBXBuildFile; fileRef = 15545B0728E148A9005D0886 /* MapOverlay.swift */; };
		15545B0C28E224A2005D0886 /* DijsktrasGraphStructure.swift in Sources */ = {isa = PBXBuildFile; fileRef = 15545B0B28E224A2005D0886 /* DijsktrasGraphStructure.swift */; };
		15545B0E28E224C8005D0886 /* Trail.swift in Sources */ = {isa = PBXBuildFile; fileRef = 15545B0D28E224C8005D0886 /* Trail.swift */; };
		15545B1028E22CCC005D0886 /* TrailsDatabase.swift in Sources */ = {isa = PBXBuildFile; fileRef = 15545B0F28E22CCC005D0886 /* TrailsDatabase.swift */; };
		15545B1828E297CA005D0886 /* Game Test.gpx in Resources */ = {isa = PBXBuildFile; fileRef = 15545B1728E297CA005D0886 /* Game Test.gpx */; };
		15545B1A28E4ABD1005D0886 /* Tiles in Resources */ = {isa = PBXBuildFile; fileRef = 15545B1928E4ABD1005D0886 /* Tiles */; };
		15545B1C28E4CD42005D0886 /* TrailSelectorTableViewCell.swift in Sources */ = {isa = PBXBuildFile; fileRef = 15545B1B28E4CD42005D0886 /* TrailSelectorTableViewCell.swift */; };
		158749F827D82635001B9025 /* AppDelegate.swift in Sources */ = {isa = PBXBuildFile; fileRef = 158749F727D82635001B9025 /* AppDelegate.swift */; };
		158749FA27D82635001B9025 /* SceneDelegate.swift in Sources */ = {isa = PBXBuildFile; fileRef = 158749F927D82635001B9025 /* SceneDelegate.swift */; };
		158749FC27D82635001B9025 /* TitleScreen.swift in Sources */ = {isa = PBXBuildFile; fileRef = 158749FB27D82635001B9025 /* TitleScreen.swift */; };
		158749FF27D82635001B9025 /* Main.storyboard in Resources */ = {isa = PBXBuildFile; fileRef = 158749FD27D82635001B9025 /* Main.storyboard */; };
		15874A0127D82636001B9025 /* Assets.xcassets in Resources */ = {isa = PBXBuildFile; fileRef = 15874A0027D82636001B9025 /* Assets.xcassets */; };
		15874A0427D82636001B9025 /* LaunchScreen.storyboard in Resources */ = {isa = PBXBuildFile; fileRef = 15874A0227D82636001B9025 /* LaunchScreen.storyboard */; };
		15874A0E27D82AFA001B9025 /* Scraper.swift in Sources */ = {isa = PBXBuildFile; fileRef = 15874A0D27D82AFA001B9025 /* Scraper.swift */; };
		1591DBB12916D9BE00978FD8 /* CancelTrailReportView.swift in Sources */ = {isa = PBXBuildFile; fileRef = 1591DBB02916D9BE00978FD8 /* CancelTrailReportView.swift */; };
		1591DBB9291AE7B800978FD8 /* TrailblazerApp.swift in Sources */ = {isa = PBXBuildFile; fileRef = 1591DBB8291AE7B800978FD8 /* TrailblazerApp.swift */; };
		1591DBBD291AE7B900978FD8 /* Assets.xcassets in Resources */ = {isa = PBXBuildFile; fileRef = 1591DBBC291AE7B900978FD8 /* Assets.xcassets */; };
		1591DBC0291AE7B900978FD8 /* Preview Assets.xcassets in Resources */ = {isa = PBXBuildFile; fileRef = 1591DBBF291AE7B900978FD8 /* Preview Assets.xcassets */; };
		15F92C522939A7B000792054 /* HomePageView.swift in Sources */ = {isa = PBXBuildFile; fileRef = 15F92C512939A7B000792054 /* HomePageView.swift */; };
		15F92C542939A97D00792054 /* DirectionsDisplayView.swift in Sources */ = {isa = PBXBuildFile; fileRef = 15F92C532939A97D00792054 /* DirectionsDisplayView.swift */; };
		15F92C56293AC9C300792054 /* UserSetting.swift in Sources */ = {isa = PBXBuildFile; fileRef = 15F92C55293AC9C300792054 /* UserSetting.swift */; };
		15F92C58293BD5A200792054 /* AlertPreferencesViewController.swift in Sources */ = {isa = PBXBuildFile; fileRef = 15F92C57293BD5A200792054 /* AlertPreferencesViewController.swift */; };
		15F92C5A293BD5B000792054 /* RoutingPreferencesViewController.swift in Sources */ = {isa = PBXBuildFile; fileRef = 15F92C59293BD5B000792054 /* RoutingPreferencesViewController.swift */; };
		15F92C5C293E824100792054 /* APIHandlers.swift in Sources */ = {isa = PBXBuildFile; fileRef = 15F92C5B293E824100792054 /* APIHandlers.swift */; };
/* End PBXBuildFile section */

/* Begin PBXContainerItemProxy section */
		153DABAE2936C44A001ABAAD /* PBXContainerItemProxy */ = {
			isa = PBXContainerItemProxy;
			containerPortal = 158749EC27D82635001B9025 /* Project object */;
			proxyType = 1;
			remoteGlobalIDString = 1591DBB5291AE7B800978FD8;
			remoteInfo = "Trailblazer Watch App";
		};
/* End PBXContainerItemProxy section */

/* Begin PBXCopyFilesBuildPhase section */
		153DABB02936C44A001ABAAD /* Embed Watch Content */ = {
			isa = PBXCopyFilesBuildPhase;
			buildActionMask = 2147483647;
			dstPath = "$(CONTENTS_FOLDER_PATH)/Watch";
			dstSubfolderSpec = 16;
			files = (
				153DABAD2936C44A001ABAAD /* Trailblazer Watch App.app in Embed Watch Content */,
			);
			name = "Embed Watch Content";
			runOnlyForDeploymentPostprocessing = 0;
		};
/* End PBXCopyFilesBuildPhase section */

/* Begin PBXFileReference section */
		150828D52943AF320060B341 /* LoadingView.swift */ = {isa = PBXFileReference; lastKnownFileType = sourcecode.swift; path = LoadingView.swift; sourceTree = "<group>"; };
		150C6EAE29031BD70055AD59 /* SideMenuFramework.swift */ = {isa = PBXFileReference; lastKnownFileType = sourcecode.swift; path = SideMenuFramework.swift; sourceTree = "<group>"; };
		150C6EB029035BE10055AD59 /* HextoColor.swift */ = {isa = PBXFileReference; lastKnownFileType = sourcecode.swift; path = HextoColor.swift; sourceTree = "<group>"; };
		150D062328F4DEB90051F160 /* TrailSelectorView.swift */ = {isa = PBXFileReference; lastKnownFileType = sourcecode.swift; path = TrailSelectorView.swift; sourceTree = "<group>"; };
		150D062728F529260051F160 /* UserSettingsViewController.swift */ = {isa = PBXFileReference; lastKnownFileType = sourcecode.swift; path = UserSettingsViewController.swift; sourceTree = "<group>"; };
		150D062B28F5D6C00051F160 /* TrailReports.swift */ = {isa = PBXFileReference; lastKnownFileType = sourcecode.swift; path = TrailReports.swift; sourceTree = "<group>"; };
		150D062F28F7797B0051F160 /* CustomMarkerAnnotationViews.swift */ = {isa = PBXFileReference; lastKnownFileType = sourcecode.swift; path = CustomMarkerAnnotationViews.swift; sourceTree = "<group>"; };
		150D063128F7D96A0051F160 /* TrailReportTypeTableViewCell.swift */ = {isa = PBXFileReference; lastKnownFileType = sourcecode.swift; path = TrailReportTypeTableViewCell.swift; sourceTree = "<group>"; };
		150D063328F8BCE00051F160 /* PopUpMenuFramework.swift */ = {isa = PBXFileReference; lastKnownFileType = sourcecode.swift; path = PopUpMenuFramework.swift; sourceTree = "<group>"; };
		150D063528F8E0C00051F160 /* RouteOverviewView.swift */ = {isa = PBXFileReference; lastKnownFileType = sourcecode.swift; path = RouteOverviewView.swift; sourceTree = "<group>"; };
		150D063F290063AB0051F160 /* SRMoon.png */ = {isa = PBXFileReference; lastKnownFileType = image.png; path = SRMoon.png; sourceTree = "<group>"; };
		150D0641290066C00051F160 /* MogulSquare.png */ = {isa = PBXFileReference; lastKnownFileType = image.png; path = MogulSquare.png; sourceTree = "<group>"; };
		150D06432900682F0051F160 /* IcySquare.png */ = {isa = PBXFileReference; lastKnownFileType = image.png; path = IcySquare.png; sourceTree = "<group>"; };
		150D064529006C190051F160 /* SRSun.png */ = {isa = PBXFileReference; lastKnownFileType = image.png; path = SRSun.png; sourceTree = "<group>"; };
		150D064B2900AC780051F160 /* MilkyNice.otf */ = {isa = PBXFileReference; lastKnownFileType = file; path = MilkyNice.otf; sourceTree = "<group>"; };
		15213F022904800D0027749B /* BellmanFordGraphStructure.swift */ = {isa = PBXFileReference; lastKnownFileType = sourcecode.swift; path = BellmanFordGraphStructure.swift; sourceTree = "<group>"; };
		1524944E29074F7E009E7059 /* NotificationUtils.swift */ = {isa = PBXFileReference; lastKnownFileType = sourcecode.swift; path = NotificationUtils.swift; sourceTree = "<group>"; };
		15249450290754DA009E7059 /* UnusedFunctions.swift */ = {isa = PBXFileReference; lastKnownFileType = sourcecode.swift; path = UnusedFunctions.swift; sourceTree = "<group>"; };
		15249452290823CC009E7059 /* UserSettingsTableViewCell.swift */ = {isa = PBXFileReference; lastKnownFileType = sourcecode.swift; path = UserSettingsTableViewCell.swift; sourceTree = "<group>"; };
		1524945429082897009E7059 /* Settings.swift */ = {isa = PBXFileReference; lastKnownFileType = sourcecode.swift; path = Settings.swift; sourceTree = "<group>"; };
		1524945629084F89009E7059 /* UserTrailReportsViewController.swift */ = {isa = PBXFileReference; lastKnownFileType = sourcecode.swift; path = UserTrailReportsViewController.swift; sourceTree = "<group>"; };
		1524945829085D88009E7059 /* TrailReportTableViewCell.swift */ = {isa = PBXFileReference; lastKnownFileType = sourcecode.swift; path = TrailReportTableViewCell.swift; sourceTree = "<group>"; };
		152C69B7291B39530092E537 /* TrailblazerIOS.entitlements */ = {isa = PBXFileReference; lastKnownFileType = text.plist.entitlements; path = TrailblazerIOS.entitlements; sourceTree = "<group>"; };
		152C69B8291B3A750092E537 /* Trailblazer Watch App.entitlements */ = {isa = PBXFileReference; lastKnownFileType = text.plist.entitlements; path = "Trailblazer Watch App.entitlements"; sourceTree = "<group>"; };
		152C69B9291B50120092E537 /* LocationManager.swift */ = {isa = PBXFileReference; lastKnownFileType = sourcecode.swift; path = LocationManager.swift; sourceTree = "<group>"; };
		15316620290AE86100206E7E /* UserLocation.swift */ = {isa = PBXFileReference; lastKnownFileType = sourcecode.swift; path = UserLocation.swift; sourceTree = "<group>"; };
		15316622290AE86800206E7E /* UserRoute.swift */ = {isa = PBXFileReference; lastKnownFileType = sourcecode.swift; path = UserRoute.swift; sourceTree = "<group>"; };
		153B2E3928ED135D00A23163 /* SignUpViewController.swift */ = {isa = PBXFileReference; lastKnownFileType = sourcecode.swift; path = SignUpViewController.swift; sourceTree = "<group>"; };
		153B2E3B28ED1EDF00A23163 /* User.swift */ = {isa = PBXFileReference; lastKnownFileType = sourcecode.swift; path = User.swift; sourceTree = "<group>"; };
		153B2E3D28EDF26300A23163 /* CustomMKPolyline.swift */ = {isa = PBXFileReference; lastKnownFileType = sourcecode.swift; path = CustomMKPolyline.swift; sourceTree = "<group>"; };
		153DAB9729255CFC001ABAAD /* MapInterpreter.swift */ = {isa = PBXFileReference; fileEncoding = 4; lastKnownFileType = sourcecode.swift; path = MapInterpreter.swift; sourceTree = "<group>"; };
		15489A482922AF2F00898FD0 /* Connectivity.swift */ = {isa = PBXFileReference; lastKnownFileType = sourcecode.swift; path = Connectivity.swift; sourceTree = "<group>"; };
		15489A4B2922BAD100898FD0 /* ConnectivityController.swift */ = {isa = PBXFileReference; lastKnownFileType = sourcecode.swift; path = ConnectivityController.swift; sourceTree = "<group>"; };
		15545AD828DEA598005D0886 /* Web Analysis.swift */ = {isa = PBXFileReference; lastKnownFileType = sourcecode.swift; path = "Web Analysis.swift"; sourceTree = "<group>"; };
		15545AFE28E01813005D0886 /* SignInViewController.swift */ = {isa = PBXFileReference; lastKnownFileType = sourcecode.swift; path = SignInViewController.swift; sourceTree = "<group>"; };
		15545B0228E02268005D0886 /* InteractiveMapViewController.swift */ = {isa = PBXFileReference; lastKnownFileType = sourcecode.swift; path = InteractiveMapViewController.swift; sourceTree = "<group>"; };
		15545B0728E148A9005D0886 /* MapOverlay.swift */ = {isa = PBXFileReference; lastKnownFileType = sourcecode.swift; path = MapOverlay.swift; sourceTree = "<group>"; };
		15545B0B28E224A2005D0886 /* DijsktrasGraphStructure.swift */ = {isa = PBXFileReference; lastKnownFileType = sourcecode.swift; path = DijsktrasGraphStructure.swift; sourceTree = "<group>"; };
		15545B0D28E224C8005D0886 /* Trail.swift */ = {isa = PBXFileReference; lastKnownFileType = sourcecode.swift; path = Trail.swift; sourceTree = "<group>"; };
		15545B0F28E22CCC005D0886 /* TrailsDatabase.swift */ = {isa = PBXFileReference; lastKnownFileType = sourcecode.swift; path = TrailsDatabase.swift; sourceTree = "<group>"; };
		15545B1728E297CA005D0886 /* Game Test.gpx */ = {isa = PBXFileReference; fileEncoding = 4; lastKnownFileType = text.xml; path = "Game Test.gpx"; sourceTree = "<group>"; };
		15545B1928E4ABD1005D0886 /* Tiles */ = {isa = PBXFileReference; lastKnownFileType = folder; path = Tiles; sourceTree = "<group>"; };
		15545B1B28E4CD42005D0886 /* TrailSelectorTableViewCell.swift */ = {isa = PBXFileReference; lastKnownFileType = sourcecode.swift; path = TrailSelectorTableViewCell.swift; sourceTree = "<group>"; };
		158749F427D82635001B9025 /* Trailblazer.app */ = {isa = PBXFileReference; explicitFileType = wrapper.application; includeInIndex = 0; path = Trailblazer.app; sourceTree = BUILT_PRODUCTS_DIR; };
		158749F727D82635001B9025 /* AppDelegate.swift */ = {isa = PBXFileReference; lastKnownFileType = sourcecode.swift; path = AppDelegate.swift; sourceTree = "<group>"; };
		158749F927D82635001B9025 /* SceneDelegate.swift */ = {isa = PBXFileReference; lastKnownFileType = sourcecode.swift; path = SceneDelegate.swift; sourceTree = "<group>"; };
		158749FB27D82635001B9025 /* TitleScreen.swift */ = {isa = PBXFileReference; lastKnownFileType = sourcecode.swift; path = TitleScreen.swift; sourceTree = "<group>"; };
		158749FE27D82635001B9025 /* Base */ = {isa = PBXFileReference; lastKnownFileType = file.storyboard; name = Base; path = Base.lproj/Main.storyboard; sourceTree = "<group>"; };
		15874A0027D82636001B9025 /* Assets.xcassets */ = {isa = PBXFileReference; lastKnownFileType = folder.assetcatalog; path = Assets.xcassets; sourceTree = "<group>"; };
		15874A0327D82636001B9025 /* Base */ = {isa = PBXFileReference; lastKnownFileType = file.storyboard; name = Base; path = Base.lproj/LaunchScreen.storyboard; sourceTree = "<group>"; };
		15874A0527D82636001B9025 /* Info.plist */ = {isa = PBXFileReference; lastKnownFileType = text.plist.xml; path = Info.plist; sourceTree = "<group>"; };
		15874A0D27D82AFA001B9025 /* Scraper.swift */ = {isa = PBXFileReference; lastKnownFileType = sourcecode.swift; path = Scraper.swift; sourceTree = "<group>"; };
		1591DBB02916D9BE00978FD8 /* CancelTrailReportView.swift */ = {isa = PBXFileReference; lastKnownFileType = sourcecode.swift; path = CancelTrailReportView.swift; sourceTree = "<group>"; };
		1591DBB6291AE7B800978FD8 /* Trailblazer Watch App.app */ = {isa = PBXFileReference; explicitFileType = wrapper.application; includeInIndex = 0; path = "Trailblazer Watch App.app"; sourceTree = BUILT_PRODUCTS_DIR; };
		1591DBB8291AE7B800978FD8 /* TrailblazerApp.swift */ = {isa = PBXFileReference; lastKnownFileType = sourcecode.swift; path = TrailblazerApp.swift; sourceTree = "<group>"; };
		1591DBBC291AE7B900978FD8 /* Assets.xcassets */ = {isa = PBXFileReference; lastKnownFileType = folder.assetcatalog; path = Assets.xcassets; sourceTree = "<group>"; };
		1591DBBF291AE7B900978FD8 /* Preview Assets.xcassets */ = {isa = PBXFileReference; lastKnownFileType = folder.assetcatalog; path = "Preview Assets.xcassets"; sourceTree = "<group>"; };
		15F92C512939A7B000792054 /* HomePageView.swift */ = {isa = PBXFileReference; lastKnownFileType = sourcecode.swift; path = HomePageView.swift; sourceTree = "<group>"; };
		15F92C532939A97D00792054 /* DirectionsDisplayView.swift */ = {isa = PBXFileReference; lastKnownFileType = sourcecode.swift; path = DirectionsDisplayView.swift; sourceTree = "<group>"; };
		15F92C55293AC9C300792054 /* UserSetting.swift */ = {isa = PBXFileReference; lastKnownFileType = sourcecode.swift; path = UserSetting.swift; sourceTree = "<group>"; };
		15F92C57293BD5A200792054 /* AlertPreferencesViewController.swift */ = {isa = PBXFileReference; lastKnownFileType = sourcecode.swift; path = AlertPreferencesViewController.swift; sourceTree = "<group>"; };
		15F92C59293BD5B000792054 /* RoutingPreferencesViewController.swift */ = {isa = PBXFileReference; lastKnownFileType = sourcecode.swift; path = RoutingPreferencesViewController.swift; sourceTree = "<group>"; };
		15F92C5B293E824100792054 /* APIHandlers.swift */ = {isa = PBXFileReference; lastKnownFileType = sourcecode.swift; path = APIHandlers.swift; sourceTree = "<group>"; };
/* End PBXFileReference section */

/* Begin PBXFrameworksBuildPhase section */
		158749F127D82635001B9025 /* Frameworks */ = {
			isa = PBXFrameworksBuildPhase;
			buildActionMask = 2147483647;
			files = (
			);
			runOnlyForDeploymentPostprocessing = 0;
		};
		1591DBB3291AE7B800978FD8 /* Frameworks */ = {
			isa = PBXFrameworksBuildPhase;
			buildActionMask = 2147483647;
			files = (
			);
			runOnlyForDeploymentPostprocessing = 0;
		};
/* End PBXFrameworksBuildPhase section */

/* Begin PBXGroup section */
		150C6EAD29031B0C0055AD59 /* Unused.Utils */ = {
			isa = PBXGroup;
			children = (
				15213F022904800D0027749B /* BellmanFordGraphStructure.swift */,
				15545B0728E148A9005D0886 /* MapOverlay.swift */,
				15249450290754DA009E7059 /* UnusedFunctions.swift */,
			);
			path = Unused.Utils;
			sourceTree = "<group>";
		};
		150D063728FB020B0051F160 /* Utils */ = {
			isa = PBXGroup;
			children = (
				15316626290B174C00206E7E /* UserSettings.Utils */,
				15316627290B177000206E7E /* InteractiveMap.Utils */,
				15316624290B170300206E7E /* Models */,
				15316625290B172200206E7E /* Miscellaneous.Utils */,
				150C6EAD29031B0C0055AD59 /* Unused.Utils */,
				150D06472900A8CD0051F160 /* Fonts */,
			);
			path = Utils;
			sourceTree = "<group>";
		};
		150D063E290063900051F160 /* Images */ = {
			isa = PBXGroup;
			children = (
				150D064529006C190051F160 /* SRSun.png */,
				150D06432900682F0051F160 /* IcySquare.png */,
				150D0641290066C00051F160 /* MogulSquare.png */,
				150D063F290063AB0051F160 /* SRMoon.png */,
			);
			path = Images;
			sourceTree = "<group>";
		};
		150D06472900A8CD0051F160 /* Fonts */ = {
			isa = PBXGroup;
			children = (
				150D064B2900AC780051F160 /* MilkyNice.otf */,
			);
			path = Fonts;
			sourceTree = "<group>";
		};
		15316624290B170300206E7E /* Models */ = {
			isa = PBXGroup;
			children = (
				150D062B28F5D6C00051F160 /* TrailReports.swift */,
				15316622290AE86800206E7E /* UserRoute.swift */,
				15316620290AE86100206E7E /* UserLocation.swift */,
				153B2E3B28ED1EDF00A23163 /* User.swift */,
				15F92C55293AC9C300792054 /* UserSetting.swift */,
			);
			path = Models;
			sourceTree = "<group>";
		};
		15316625290B172200206E7E /* Miscellaneous.Utils */ = {
			isa = PBXGroup;
			children = (
				153B2E3D28EDF26300A23163 /* CustomMKPolyline.swift */,
				150C6EB029035BE10055AD59 /* HextoColor.swift */,
				1524944E29074F7E009E7059 /* NotificationUtils.swift */,
			);
			path = Miscellaneous.Utils;
			sourceTree = "<group>";
		};
		15316626290B174C00206E7E /* UserSettings.Utils */ = {
			isa = PBXGroup;
			children = (
				1524945429082897009E7059 /* Settings.swift */,
				1524945829085D88009E7059 /* TrailReportTableViewCell.swift */,
				15249452290823CC009E7059 /* UserSettingsTableViewCell.swift */,
			);
			path = UserSettings.Utils;
			sourceTree = "<group>";
		};
		15316627290B177000206E7E /* InteractiveMap.Utils */ = {
			isa = PBXGroup;
			children = (
				150D063528F8E0C00051F160 /* RouteOverviewView.swift */,
				150C6EAE29031BD70055AD59 /* SideMenuFramework.swift */,
				153DAB9729255CFC001ABAAD /* MapInterpreter.swift */,
				15545B1B28E4CD42005D0886 /* TrailSelectorTableViewCell.swift */,
				150D063128F7D96A0051F160 /* TrailReportTypeTableViewCell.swift */,
				150D063328F8BCE00051F160 /* PopUpMenuFramework.swift */,
				1591DBB02916D9BE00978FD8 /* CancelTrailReportView.swift */,
				15F92C5B293E824100792054 /* APIHandlers.swift */,
				15545AD828DEA598005D0886 /* Web Analysis.swift */,
				150828D52943AF320060B341 /* LoadingView.swift */,
				15874A0D27D82AFA001B9025 /* Scraper.swift */,
				152C69B9291B50120092E537 /* LocationManager.swift */,
				150D062F28F7797B0051F160 /* CustomMarkerAnnotationViews.swift */,
				150D062328F4DEB90051F160 /* TrailSelectorView.swift */,
			);
			path = InteractiveMap.Utils;
			sourceTree = "<group>";
		};
		153DABAB2936B9C8001ABAAD /* Shared */ = {
			isa = PBXGroup;
			children = (
				15545B1728E297CA005D0886 /* Game Test.gpx */,
				15489A482922AF2F00898FD0 /* Connectivity.swift */,
				15489A4B2922BAD100898FD0 /* ConnectivityController.swift */,
			);
			path = Shared;
			sourceTree = "<group>";
		};
		153DABAC2936C44A001ABAAD /* Frameworks */ = {
			isa = PBXGroup;
			children = (
			);
			name = Frameworks;
			sourceTree = "<group>";
		};
		15545B0428E022A5005D0886 /* ViewControllers */ = {
			isa = PBXGroup;
			children = (
				158749FB27D82635001B9025 /* TitleScreen.swift */,
				15545AFE28E01813005D0886 /* SignInViewController.swift */,
				153B2E3928ED135D00A23163 /* SignUpViewController.swift */,
				15545B0228E02268005D0886 /* InteractiveMapViewController.swift */,
				150D062728F529260051F160 /* UserSettingsViewController.swift */,
				15F92C57293BD5A200792054 /* AlertPreferencesViewController.swift */,
				1524945629084F89009E7059 /* UserTrailReportsViewController.swift */,
				15F92C59293BD5B000792054 /* RoutingPreferencesViewController.swift */,
			);
			path = ViewControllers;
			sourceTree = "<group>";
		};
		158749EB27D82635001B9025 = {
			isa = PBXGroup;
			children = (
				158749F627D82635001B9025 /* TrailblazerIOS */,
				153DABAB2936B9C8001ABAAD /* Shared */,
				1591DBB7291AE7B800978FD8 /* Trailblazer Watch App */,
				158749F527D82635001B9025 /* Products */,
				153DABAC2936C44A001ABAAD /* Frameworks */,
			);
			sourceTree = "<group>";
		};
		158749F527D82635001B9025 /* Products */ = {
			isa = PBXGroup;
			children = (
				158749F427D82635001B9025 /* Trailblazer.app */,
				1591DBB6291AE7B800978FD8 /* Trailblazer Watch App.app */,
			);
			name = Products;
			sourceTree = "<group>";
		};
		158749F627D82635001B9025 /* TrailblazerIOS */ = {
			isa = PBXGroup;
			children = (
				152C69B7291B39530092E537 /* TrailblazerIOS.entitlements */,
				158749F727D82635001B9025 /* AppDelegate.swift */,
				158749F927D82635001B9025 /* SceneDelegate.swift */,
				158749FD27D82635001B9025 /* Main.storyboard */,
				15545B0428E022A5005D0886 /* ViewControllers */,
				159B0EC628E68DDC00DAFEAA /* TrailDatabaseFiles */,
				150D063728FB020B0051F160 /* Utils */,
				15874A0027D82636001B9025 /* Assets.xcassets */,
				150D063E290063900051F160 /* Images */,
				15874A0227D82636001B9025 /* LaunchScreen.storyboard */,
				15545B1928E4ABD1005D0886 /* Tiles */,
				15874A0527D82636001B9025 /* Info.plist */,
			);
			path = TrailblazerIOS;
			sourceTree = "<group>";
		};
		1591DBB7291AE7B800978FD8 /* Trailblazer Watch App */ = {
			isa = PBXGroup;
			children = (
				152C69B8291B3A750092E537 /* Trailblazer Watch App.entitlements */,
				1591DBB8291AE7B800978FD8 /* TrailblazerApp.swift */,
				15F92C512939A7B000792054 /* HomePageView.swift */,
				15F92C532939A97D00792054 /* DirectionsDisplayView.swift */,
				1591DBBC291AE7B900978FD8 /* Assets.xcassets */,
				1591DBBE291AE7B900978FD8 /* Preview Content */,
			);
			path = "Trailblazer Watch App";
			sourceTree = "<group>";
		};
		1591DBBE291AE7B900978FD8 /* Preview Content */ = {
			isa = PBXGroup;
			children = (
				1591DBBF291AE7B900978FD8 /* Preview Assets.xcassets */,
			);
			path = "Preview Content";
			sourceTree = "<group>";
		};
		159B0EC628E68DDC00DAFEAA /* TrailDatabaseFiles */ = {
			isa = PBXGroup;
			children = (
				15545B0D28E224C8005D0886 /* Trail.swift */,
				15545B0B28E224A2005D0886 /* DijsktrasGraphStructure.swift */,
				15545B0F28E22CCC005D0886 /* TrailsDatabase.swift */,
			);
			path = TrailDatabaseFiles;
			sourceTree = "<group>";
		};
/* End PBXGroup section */

/* Begin PBXNativeTarget section */
		158749F327D82635001B9025 /* Trailblazer */ = {
			isa = PBXNativeTarget;
			buildConfigurationList = 15874A0827D82636001B9025 /* Build configuration list for PBXNativeTarget "Trailblazer" */;
			buildPhases = (
				158749F027D82635001B9025 /* Sources */,
				158749F127D82635001B9025 /* Frameworks */,
				158749F227D82635001B9025 /* Resources */,
				153DABB02936C44A001ABAAD /* Embed Watch Content */,
			);
			buildRules = (
			);
			dependencies = (
				153DABAF2936C44A001ABAAD /* PBXTargetDependency */,
			);
			name = Trailblazer;
			productName = SundayRiver;
			productReference = 158749F427D82635001B9025 /* Trailblazer.app */;
			productType = "com.apple.product-type.application";
		};
		1591DBB5291AE7B800978FD8 /* Trailblazer Watch App */ = {
			isa = PBXNativeTarget;
			buildConfigurationList = 1591DBC3291AE7B900978FD8 /* Build configuration list for PBXNativeTarget "Trailblazer Watch App" */;
			buildPhases = (
				1591DBB2291AE7B800978FD8 /* Sources */,
				1591DBB3291AE7B800978FD8 /* Frameworks */,
				1591DBB4291AE7B800978FD8 /* Resources */,
			);
			buildRules = (
			);
			dependencies = (
			);
			name = "Trailblazer Watch App";
			productName = "Trailblazer Watch App";
			productReference = 1591DBB6291AE7B800978FD8 /* Trailblazer Watch App.app */;
			productType = "com.apple.product-type.application";
		};
/* End PBXNativeTarget section */

/* Begin PBXProject section */
		158749EC27D82635001B9025 /* Project object */ = {
			isa = PBXProject;
			attributes = {
				BuildIndependentTargetsInParallel = 1;
				LastSwiftUpdateCheck = 1410;
				LastUpgradeCheck = 1320;
				TargetAttributes = {
					158749F327D82635001B9025 = {
						CreatedOnToolsVersion = 13.2.1;
					};
					1591DBB5291AE7B800978FD8 = {
						CreatedOnToolsVersion = 14.1;
					};
				};
			};
			buildConfigurationList = 158749EF27D82635001B9025 /* Build configuration list for PBXProject "Trailblazer" */;
			compatibilityVersion = "Xcode 13.0";
			developmentRegion = en;
			hasScannedForEncodings = 0;
			knownRegions = (
				en,
				Base,
			);
			mainGroup = 158749EB27D82635001B9025;
			productRefGroup = 158749F527D82635001B9025 /* Products */;
			projectDirPath = "";
			projectRoot = "";
			targets = (
				158749F327D82635001B9025 /* Trailblazer */,
				1591DBB5291AE7B800978FD8 /* Trailblazer Watch App */,
			);
		};
/* End PBXProject section */

/* Begin PBXResourcesBuildPhase section */
		158749F227D82635001B9025 /* Resources */ = {
			isa = PBXResourcesBuildPhase;
			buildActionMask = 2147483647;
			files = (
				15545B1828E297CA005D0886 /* Game Test.gpx in Resources */,
				150D06442900682F0051F160 /* IcySquare.png in Resources */,
				15874A0427D82636001B9025 /* LaunchScreen.storyboard in Resources */,
				150D064629006C190051F160 /* SRSun.png in Resources */,
				150D064C2900AC780051F160 /* MilkyNice.otf in Resources */,
				150D0640290063AB0051F160 /* SRMoon.png in Resources */,
				15874A0127D82636001B9025 /* Assets.xcassets in Resources */,
				158749FF27D82635001B9025 /* Main.storyboard in Resources */,
				15545B1A28E4ABD1005D0886 /* Tiles in Resources */,
				150D0642290066C00051F160 /* MogulSquare.png in Resources */,
			);
			runOnlyForDeploymentPostprocessing = 0;
		};
		1591DBB4291AE7B800978FD8 /* Resources */ = {
			isa = PBXResourcesBuildPhase;
			buildActionMask = 2147483647;
			files = (
				1591DBC0291AE7B900978FD8 /* Preview Assets.xcassets in Resources */,
				15489A4E2922FA8100898FD0 /* Game Test.gpx in Resources */,
				1591DBBD291AE7B900978FD8 /* Assets.xcassets in Resources */,
			);
			runOnlyForDeploymentPostprocessing = 0;
		};
/* End PBXResourcesBuildPhase section */

/* Begin PBXSourcesBuildPhase section */
		158749F027D82635001B9025 /* Sources */ = {
			isa = PBXSourcesBuildPhase;
			buildActionMask = 2147483647;
			files = (
				1524945529082897009E7059 /* Settings.swift in Sources */,
				15545B0E28E224C8005D0886 /* Trail.swift in Sources */,
				15545B1C28E4CD42005D0886 /* TrailSelectorTableViewCell.swift in Sources */,
				15316623290AE86800206E7E /* UserRoute.swift in Sources */,
				150D063228F7D96A0051F160 /* TrailReportTypeTableViewCell.swift in Sources */,
				15545B0328E02268005D0886 /* InteractiveMapViewController.swift in Sources */,
				15316621290AE86100206E7E /* UserLocation.swift in Sources */,
				150D063628F8E0C00051F160 /* RouteOverviewView.swift in Sources */,
				150D063028F7797B0051F160 /* CustomMarkerAnnotationViews.swift in Sources */,
				150D063428F8BCE00051F160 /* PopUpMenuFramework.swift in Sources */,
				1524945729084F89009E7059 /* UserTrailReportsViewController.swift in Sources */,
				15F92C5C293E824100792054 /* APIHandlers.swift in Sources */,
				15874A0E27D82AFA001B9025 /* Scraper.swift in Sources */,
				150C6EAF29031BD70055AD59 /* SideMenuFramework.swift in Sources */,
				15489A4D2922C0A900898FD0 /* ConnectivityController.swift in Sources */,
				153B2E3C28ED1EDF00A23163 /* User.swift in Sources */,
				1524944F29074F7E009E7059 /* NotificationUtils.swift in Sources */,
				15F92C58293BD5A200792054 /* AlertPreferencesViewController.swift in Sources */,
				15545B1028E22CCC005D0886 /* TrailsDatabase.swift in Sources */,
				150828D62943AF320060B341 /* LoadingView.swift in Sources */,
				158749FC27D82635001B9025 /* TitleScreen.swift in Sources */,
				15F92C56293AC9C300792054 /* UserSetting.swift in Sources */,
				152C69BA291B50120092E537 /* LocationManager.swift in Sources */,
				15545AFF28E01813005D0886 /* SignInViewController.swift in Sources */,
				1524945929085D88009E7059 /* TrailReportTableViewCell.swift in Sources */,
				15489A4A2922AFAC00898FD0 /* Connectivity.swift in Sources */,
				1591DBB12916D9BE00978FD8 /* CancelTrailReportView.swift in Sources */,
				150D062828F529260051F160 /* UserSettingsViewController.swift in Sources */,
				150D062C28F5D6C00051F160 /* TrailReports.swift in Sources */,
				158749F827D82635001B9025 /* AppDelegate.swift in Sources */,
				15F92C5A293BD5B000792054 /* RoutingPreferencesViewController.swift in Sources */,
				158749FA27D82635001B9025 /* SceneDelegate.swift in Sources */,
				153DAB9829255CFC001ABAAD /* MapInterpreter.swift in Sources */,
				15249451290754DA009E7059 /* UnusedFunctions.swift in Sources */,
				153B2E3A28ED135D00A23163 /* SignUpViewController.swift in Sources */,
				150C6EB129035BE10055AD59 /* HextoColor.swift in Sources */,
				15249453290823CC009E7059 /* UserSettingsTableViewCell.swift in Sources */,
				153B2E3E28EDF26300A23163 /* CustomMKPolyline.swift in Sources */,
				15545AD928DEA598005D0886 /* Web Analysis.swift in Sources */,
				15545B0828E148A9005D0886 /* MapOverlay.swift in Sources */,
				150D062428F4DEB90051F160 /* TrailSelectorView.swift in Sources */,
				15545B0C28E224A2005D0886 /* DijsktrasGraphStructure.swift in Sources */,
				15213F032904800D0027749B /* BellmanFordGraphStructure.swift in Sources */,
			);
			runOnlyForDeploymentPostprocessing = 0;
		};
		1591DBB2291AE7B800978FD8 /* Sources */ = {
			isa = PBXSourcesBuildPhase;
			buildActionMask = 2147483647;
			files = (
				15F92C542939A97D00792054 /* DirectionsDisplayView.swift in Sources */,
				1591DBB9291AE7B800978FD8 /* TrailblazerApp.swift in Sources */,
				15489A4C2922BAD100898FD0 /* ConnectivityController.swift in Sources */,
				153DABB12937CF61001ABAAD /* TrailsDatabase.swift in Sources */,
				153DABB22937D17E001ABAAD /* Trail.swift in Sources */,
				153DABB32937D188001ABAAD /* DijsktrasGraphStructure.swift in Sources */,
				15F92C522939A7B000792054 /* HomePageView.swift in Sources */,
				15489A492922AF2F00898FD0 /* Connectivity.swift in Sources */,
			);
			runOnlyForDeploymentPostprocessing = 0;
		};
/* End PBXSourcesBuildPhase section */

/* Begin PBXTargetDependency section */
		153DABAF2936C44A001ABAAD /* PBXTargetDependency */ = {
			isa = PBXTargetDependency;
			target = 1591DBB5291AE7B800978FD8 /* Trailblazer Watch App */;
			targetProxy = 153DABAE2936C44A001ABAAD /* PBXContainerItemProxy */;
		};
/* End PBXTargetDependency section */

/* Begin PBXVariantGroup section */
		158749FD27D82635001B9025 /* Main.storyboard */ = {
			isa = PBXVariantGroup;
			children = (
				158749FE27D82635001B9025 /* Base */,
			);
			name = Main.storyboard;
			sourceTree = "<group>";
		};
		15874A0227D82636001B9025 /* LaunchScreen.storyboard */ = {
			isa = PBXVariantGroup;
			children = (
				15874A0327D82636001B9025 /* Base */,
			);
			name = LaunchScreen.storyboard;
			sourceTree = "<group>";
		};
/* End PBXVariantGroup section */

/* Begin XCBuildConfiguration section */
		15874A0627D82636001B9025 /* Debug */ = {
			isa = XCBuildConfiguration;
			buildSettings = {
				ALWAYS_SEARCH_USER_PATHS = NO;
				CLANG_ANALYZER_NONNULL = YES;
				CLANG_ANALYZER_NUMBER_OBJECT_CONVERSION = YES_AGGRESSIVE;
				CLANG_CXX_LANGUAGE_STANDARD = "gnu++17";
				CLANG_CXX_LIBRARY = "libc++";
				CLANG_ENABLE_MODULES = YES;
				CLANG_ENABLE_OBJC_ARC = YES;
				CLANG_ENABLE_OBJC_WEAK = YES;
				CLANG_WARN_BLOCK_CAPTURE_AUTORELEASING = YES;
				CLANG_WARN_BOOL_CONVERSION = YES;
				CLANG_WARN_COMMA = YES;
				CLANG_WARN_CONSTANT_CONVERSION = YES;
				CLANG_WARN_DEPRECATED_OBJC_IMPLEMENTATIONS = YES;
				CLANG_WARN_DIRECT_OBJC_ISA_USAGE = YES_ERROR;
				CLANG_WARN_DOCUMENTATION_COMMENTS = YES;
				CLANG_WARN_EMPTY_BODY = YES;
				CLANG_WARN_ENUM_CONVERSION = YES;
				CLANG_WARN_INFINITE_RECURSION = YES;
				CLANG_WARN_INT_CONVERSION = YES;
				CLANG_WARN_NON_LITERAL_NULL_CONVERSION = YES;
				CLANG_WARN_OBJC_IMPLICIT_RETAIN_SELF = YES;
				CLANG_WARN_OBJC_LITERAL_CONVERSION = YES;
				CLANG_WARN_OBJC_ROOT_CLASS = YES_ERROR;
				CLANG_WARN_QUOTED_INCLUDE_IN_FRAMEWORK_HEADER = YES;
				CLANG_WARN_RANGE_LOOP_ANALYSIS = YES;
				CLANG_WARN_STRICT_PROTOTYPES = YES;
				CLANG_WARN_SUSPICIOUS_MOVE = YES;
				CLANG_WARN_UNGUARDED_AVAILABILITY = YES_AGGRESSIVE;
				CLANG_WARN_UNREACHABLE_CODE = YES;
				CLANG_WARN__DUPLICATE_METHOD_MATCH = YES;
				COPY_PHASE_STRIP = NO;
				DEBUG_INFORMATION_FORMAT = dwarf;
				ENABLE_STRICT_OBJC_MSGSEND = YES;
				ENABLE_TESTABILITY = YES;
				GCC_C_LANGUAGE_STANDARD = gnu11;
				GCC_DYNAMIC_NO_PIC = NO;
				GCC_NO_COMMON_BLOCKS = YES;
				GCC_OPTIMIZATION_LEVEL = 0;
				GCC_PREPROCESSOR_DEFINITIONS = (
					"DEBUG=1",
					"$(inherited)",
				);
				GCC_WARN_64_TO_32_BIT_CONVERSION = YES;
				GCC_WARN_ABOUT_RETURN_TYPE = YES_ERROR;
				GCC_WARN_UNDECLARED_SELECTOR = YES;
				GCC_WARN_UNINITIALIZED_AUTOS = YES_AGGRESSIVE;
				GCC_WARN_UNUSED_FUNCTION = YES;
				GCC_WARN_UNUSED_VARIABLE = YES;
				IPHONEOS_DEPLOYMENT_TARGET = 15.2;
				MTL_ENABLE_DEBUG_INFO = INCLUDE_SOURCE;
				MTL_FAST_MATH = YES;
				ONLY_ACTIVE_ARCH = YES;
				SDKROOT = iphoneos;
				SWIFT_ACTIVE_COMPILATION_CONDITIONS = DEBUG;
				SWIFT_OPTIMIZATION_LEVEL = "-Onone";
			};
			name = Debug;
		};
		15874A0727D82636001B9025 /* Release */ = {
			isa = XCBuildConfiguration;
			buildSettings = {
				ALWAYS_SEARCH_USER_PATHS = NO;
				CLANG_ANALYZER_NONNULL = YES;
				CLANG_ANALYZER_NUMBER_OBJECT_CONVERSION = YES_AGGRESSIVE;
				CLANG_CXX_LANGUAGE_STANDARD = "gnu++17";
				CLANG_CXX_LIBRARY = "libc++";
				CLANG_ENABLE_MODULES = YES;
				CLANG_ENABLE_OBJC_ARC = YES;
				CLANG_ENABLE_OBJC_WEAK = YES;
				CLANG_WARN_BLOCK_CAPTURE_AUTORELEASING = YES;
				CLANG_WARN_BOOL_CONVERSION = YES;
				CLANG_WARN_COMMA = YES;
				CLANG_WARN_CONSTANT_CONVERSION = YES;
				CLANG_WARN_DEPRECATED_OBJC_IMPLEMENTATIONS = YES;
				CLANG_WARN_DIRECT_OBJC_ISA_USAGE = YES_ERROR;
				CLANG_WARN_DOCUMENTATION_COMMENTS = YES;
				CLANG_WARN_EMPTY_BODY = YES;
				CLANG_WARN_ENUM_CONVERSION = YES;
				CLANG_WARN_INFINITE_RECURSION = YES;
				CLANG_WARN_INT_CONVERSION = YES;
				CLANG_WARN_NON_LITERAL_NULL_CONVERSION = YES;
				CLANG_WARN_OBJC_IMPLICIT_RETAIN_SELF = YES;
				CLANG_WARN_OBJC_LITERAL_CONVERSION = YES;
				CLANG_WARN_OBJC_ROOT_CLASS = YES_ERROR;
				CLANG_WARN_QUOTED_INCLUDE_IN_FRAMEWORK_HEADER = YES;
				CLANG_WARN_RANGE_LOOP_ANALYSIS = YES;
				CLANG_WARN_STRICT_PROTOTYPES = YES;
				CLANG_WARN_SUSPICIOUS_MOVE = YES;
				CLANG_WARN_UNGUARDED_AVAILABILITY = YES_AGGRESSIVE;
				CLANG_WARN_UNREACHABLE_CODE = YES;
				CLANG_WARN__DUPLICATE_METHOD_MATCH = YES;
				COPY_PHASE_STRIP = NO;
				DEBUG_INFORMATION_FORMAT = "dwarf-with-dsym";
				ENABLE_NS_ASSERTIONS = NO;
				ENABLE_STRICT_OBJC_MSGSEND = YES;
				GCC_C_LANGUAGE_STANDARD = gnu11;
				GCC_NO_COMMON_BLOCKS = YES;
				GCC_WARN_64_TO_32_BIT_CONVERSION = YES;
				GCC_WARN_ABOUT_RETURN_TYPE = YES_ERROR;
				GCC_WARN_UNDECLARED_SELECTOR = YES;
				GCC_WARN_UNINITIALIZED_AUTOS = YES_AGGRESSIVE;
				GCC_WARN_UNUSED_FUNCTION = YES;
				GCC_WARN_UNUSED_VARIABLE = YES;
				IPHONEOS_DEPLOYMENT_TARGET = 15.2;
				MTL_ENABLE_DEBUG_INFO = NO;
				MTL_FAST_MATH = YES;
				SDKROOT = iphoneos;
				SWIFT_COMPILATION_MODE = wholemodule;
				SWIFT_OPTIMIZATION_LEVEL = "-O";
				VALIDATE_PRODUCT = YES;
			};
			name = Release;
		};
		15874A0927D82636001B9025 /* Debug */ = {
			isa = XCBuildConfiguration;
			buildSettings = {
				ASSETCATALOG_COMPILER_APPICON_NAME = AppIcon;
				ASSETCATALOG_COMPILER_GLOBAL_ACCENT_COLOR_NAME = AccentColor;
				CODE_SIGN_ENTITLEMENTS = TrailblazerIOS/TrailblazerIOS.entitlements;
				CODE_SIGN_IDENTITY = "Apple Development";
				CODE_SIGN_STYLE = Automatic;
				CURRENT_PROJECT_VERSION = 1;
				DEVELOPMENT_TEAM = K728A8S3D6;
				GENERATE_INFOPLIST_FILE = YES;
				INFOPLIST_FILE = TrailblazerIOS/Info.plist;
				INFOPLIST_KEY_CFBundleDisplayName = Trailblazer;
				INFOPLIST_KEY_LSApplicationCategoryType = "public.app-category.travel";
				INFOPLIST_KEY_NSLocationWhenInUseUsageDescription = "This app uses your location to personalize your experience";
				INFOPLIST_KEY_UIApplicationSupportsIndirectInputEvents = YES;
				INFOPLIST_KEY_UILaunchStoryboardName = LaunchScreen;
				INFOPLIST_KEY_UIMainStoryboardFile = Main;
				INFOPLIST_KEY_UIRequiresFullScreen = YES;
				INFOPLIST_KEY_UISupportedInterfaceOrientations = "UIInterfaceOrientationPortrait UIInterfaceOrientationPortraitUpsideDown";
				IPHONEOS_DEPLOYMENT_TARGET = 15.0;
				LD_RUNPATH_SEARCH_PATHS = (
					"$(inherited)",
					"@executable_path/Frameworks",
				);
				MARKETING_VERSION = 1.0;
				PRODUCT_BUNDLE_IDENTIFIER = .trailblazerIOS;
				PRODUCT_NAME = "$(TARGET_NAME)";
				PROVISIONING_PROFILE_SPECIFIER = "";
				SWIFT_EMIT_LOC_STRINGS = YES;
				SWIFT_VERSION = 5.0;
				TARGETED_DEVICE_FAMILY = "1,2";
			};
			name = Debug;
		};
		15874A0A27D82636001B9025 /* Release */ = {
			isa = XCBuildConfiguration;
			buildSettings = {
				ASSETCATALOG_COMPILER_APPICON_NAME = AppIcon;
				ASSETCATALOG_COMPILER_GLOBAL_ACCENT_COLOR_NAME = AccentColor;
				CODE_SIGN_ENTITLEMENTS = TrailblazerIOS/TrailblazerIOS.entitlements;
				CODE_SIGN_IDENTITY = "Apple Development";
				CODE_SIGN_STYLE = Automatic;
				CURRENT_PROJECT_VERSION = 1;
				DEVELOPMENT_TEAM = K728A8S3D6;
				GENERATE_INFOPLIST_FILE = YES;
				INFOPLIST_FILE = TrailblazerIOS/Info.plist;
				INFOPLIST_KEY_CFBundleDisplayName = Trailblazer;
				INFOPLIST_KEY_LSApplicationCategoryType = "public.app-category.travel";
				INFOPLIST_KEY_NSLocationWhenInUseUsageDescription = "This app uses your location to personalize your experience";
				INFOPLIST_KEY_UIApplicationSupportsIndirectInputEvents = YES;
				INFOPLIST_KEY_UILaunchStoryboardName = LaunchScreen;
				INFOPLIST_KEY_UIMainStoryboardFile = Main;
				INFOPLIST_KEY_UIRequiresFullScreen = YES;
				INFOPLIST_KEY_UISupportedInterfaceOrientations = "UIInterfaceOrientationPortrait UIInterfaceOrientationPortraitUpsideDown";
				IPHONEOS_DEPLOYMENT_TARGET = 15.0;
				LD_RUNPATH_SEARCH_PATHS = (
					"$(inherited)",
					"@executable_path/Frameworks",
				);
				MARKETING_VERSION = 1.0;
				PRODUCT_BUNDLE_IDENTIFIER = .trailblazerIOS;
				PRODUCT_NAME = "$(TARGET_NAME)";
				PROVISIONING_PROFILE_SPECIFIER = "";
				SWIFT_EMIT_LOC_STRINGS = YES;
				SWIFT_VERSION = 5.0;
				TARGETED_DEVICE_FAMILY = "1,2";
			};
			name = Release;
		};
		1591DBC1291AE7B900978FD8 /* Debug */ = {
			isa = XCBuildConfiguration;
			buildSettings = {
				ASSETCATALOG_COMPILER_APPICON_NAME = AppIcon;
				ASSETCATALOG_COMPILER_GLOBAL_ACCENT_COLOR_NAME = AccentColor;
				CLANG_CXX_LANGUAGE_STANDARD = "gnu++20";
				CODE_SIGN_ENTITLEMENTS = "Trailblazer Watch App/Trailblazer Watch App.entitlements";
				CODE_SIGN_IDENTITY = "Apple Development";
				CODE_SIGN_STYLE = Automatic;
				CURRENT_PROJECT_VERSION = 1;
				DEVELOPMENT_ASSET_PATHS = "\"Trailblazer Watch App/Preview Content\"";
				DEVELOPMENT_TEAM = K728A8S3D6;
				ENABLE_PREVIEWS = YES;
				GENERATE_INFOPLIST_FILE = YES;
				INFOPLIST_KEY_CFBundleDisplayName = Trailblazer;
				INFOPLIST_KEY_NSLocationWhenInUseUsageDescription = "This app uses your location to personalize your experience";
				INFOPLIST_KEY_UISupportedInterfaceOrientations = "UIInterfaceOrientationPortrait UIInterfaceOrientationPortraitUpsideDown";
				INFOPLIST_KEY_WKCompanionAppBundleIdentifier = .trailblazerIOS;
				LD_RUNPATH_SEARCH_PATHS = (
					"$(inherited)",
					"@executable_path/Frameworks",
				);
				MARKETING_VERSION = 1.0;
				PRODUCT_BUNDLE_IDENTIFIER = .trailblazerIOS.trailblazerWatchOS;
				PRODUCT_NAME = "$(TARGET_NAME)";
				PROVISIONING_PROFILE_SPECIFIER = "";
				SDKROOT = watchos;
				SKIP_INSTALL = YES;
				SWIFT_EMIT_LOC_STRINGS = YES;
				SWIFT_VERSION = 5.0;
				TARGETED_DEVICE_FAMILY = 4;
				WATCHOS_DEPLOYMENT_TARGET = 9.1;
			};
			name = Debug;
		};
		1591DBC2291AE7B900978FD8 /* Release */ = {
			isa = XCBuildConfiguration;
			buildSettings = {
				ASSETCATALOG_COMPILER_APPICON_NAME = AppIcon;
				ASSETCATALOG_COMPILER_GLOBAL_ACCENT_COLOR_NAME = AccentColor;
				CLANG_CXX_LANGUAGE_STANDARD = "gnu++20";
				CODE_SIGN_ENTITLEMENTS = "Trailblazer Watch App/Trailblazer Watch App.entitlements";
				CODE_SIGN_IDENTITY = "Apple Development";
				CODE_SIGN_STYLE = Automatic;
				CURRENT_PROJECT_VERSION = 1;
				DEVELOPMENT_ASSET_PATHS = "\"Trailblazer Watch App/Preview Content\"";
				DEVELOPMENT_TEAM = K728A8S3D6;
				ENABLE_PREVIEWS = YES;
				GENERATE_INFOPLIST_FILE = YES;
				INFOPLIST_KEY_CFBundleDisplayName = Trailblazer;
				INFOPLIST_KEY_NSLocationWhenInUseUsageDescription = "This app uses your location to personalize your experience";
				INFOPLIST_KEY_UISupportedInterfaceOrientations = "UIInterfaceOrientationPortrait UIInterfaceOrientationPortraitUpsideDown";
				INFOPLIST_KEY_WKCompanionAppBundleIdentifier = .trailblazerIOS;
				LD_RUNPATH_SEARCH_PATHS = (
					"$(inherited)",
					"@executable_path/Frameworks",
				);
				MARKETING_VERSION = 1.0;
				PRODUCT_BUNDLE_IDENTIFIER = .trailblazerIOS.trailblazerWatchOS;
				PRODUCT_NAME = "$(TARGET_NAME)";
				PROVISIONING_PROFILE_SPECIFIER = "";
				SDKROOT = watchos;
				SKIP_INSTALL = YES;
				SWIFT_EMIT_LOC_STRINGS = YES;
				SWIFT_VERSION = 5.0;
				TARGETED_DEVICE_FAMILY = 4;
				WATCHOS_DEPLOYMENT_TARGET = 9.1;
			};
			name = Release;
		};
/* End XCBuildConfiguration section */

/* Begin XCConfigurationList section */
		158749EF27D82635001B9025 /* Build configuration list for PBXProject "Trailblazer" */ = {
			isa = XCConfigurationList;
			buildConfigurations = (
				15874A0627D82636001B9025 /* Debug */,
				15874A0727D82636001B9025 /* Release */,
			);
			defaultConfigurationIsVisible = 0;
			defaultConfigurationName = Release;
		};
		15874A0827D82636001B9025 /* Build configuration list for PBXNativeTarget "Trailblazer" */ = {
			isa = XCConfigurationList;
			buildConfigurations = (
				15874A0927D82636001B9025 /* Debug */,
				15874A0A27D82636001B9025 /* Release */,
			);
			defaultConfigurationIsVisible = 0;
			defaultConfigurationName = Release;
		};
		1591DBC3291AE7B900978FD8 /* Build configuration list for PBXNativeTarget "Trailblazer Watch App" */ = {
			isa = XCConfigurationList;
			buildConfigurations = (
				1591DBC1291AE7B900978FD8 /* Debug */,
				1591DBC2291AE7B900978FD8 /* Release */,
			);
			defaultConfigurationIsVisible = 0;
			defaultConfigurationName = Release;
		};
/* End XCConfigurationList section */
	};
	rootObject = 158749EC27D82635001B9025 /* Project object */;
}
